
Microsoft Visual Studio Solution File, Format Version 12.00
# Visual Studio 14
VisualStudioVersion = 14.0.25420.1
MinimumVisualStudioVersion = 10.0.40219.1
Project("{FAE04EC0-301F-11D3-BF4B-00C04F79EFBC}") = "Pruebas", "Pruebas\Pruebas.csproj", "{061B7A63-B95C-4A1A-A110-19871EEC2ACA}"
EndProject
Project("{2150E333-8FDC-42A3-9474-1A3956D46DE8}") = "2oTrimestre", "2oTrimestre", "{8CCEB1B2-0DD5-477D-AB99-F80E67323581}"
EndProject
Project("{2150E333-8FDC-42A3-9474-1A3956D46DE8}") = "1erTrimestre", "1erTrimestre", "{55336A64-9E25-4BD4-A79A-95879825BA4D}"
EndProject
Project("{2150E333-8FDC-42A3-9474-1A3956D46DE8}") = "00 Estudiar", "00 Estudiar", "{40BD8406-386A-47F0-8A75-DD119E147D3C}"
EndProject
Project("{2150E333-8FDC-42A3-9474-1A3956D46DE8}") = "POO", "POO", "{7BA55B6C-EBA0-4EF5-ABBD-9D02FC92E2CB}"
EndProject
Project("{2150E333-8FDC-42A3-9474-1A3956D46DE8}") = "EXCEPCIONES", "EXCEPCIONES", "{D13CBA15-5946-4DF6-A5B4-E9DCBE2144C3}"
EndProject
Project("{2150E333-8FDC-42A3-9474-1A3956D46DE8}") = "PolimEncapsProp", "PolimEncapsProp", "{C7C56D3E-B297-41E0-A316-417B6A6A3E24}"
EndProject
Project("{2150E333-8FDC-42A3-9474-1A3956D46DE8}") = "RedefinicionOperadores", "RedefinicionOperadores", "{69FFB7E6-14FD-4DEA-A6D3-453B3219BD5B}"
EndProject
Project("{2150E333-8FDC-42A3-9474-1A3956D46DE8}") = "Indizadores", "Indizadores", "{C804F096-8195-4CA6-AABC-7DE670DBB815}"
EndProject
Project("{FAE04EC0-301F-11D3-BF4B-00C04F79EFBC}") = "AmpliacionCondicionales", "1er Trimestre\Ampliacion Condicionales\AmpliacionCondicionales.csproj", "{5FDC9424-5647-4BAD-9517-7E201B77A644}"
EndProject
Project("{FAE04EC0-301F-11D3-BF4B-00C04F79EFBC}") = "EjerciciosArrays", "1er Trimestre\Ejercicios Arrays\EjerciciosArrays.csproj", "{966F1C68-A798-42BC-AE81-C2779436320F}"
EndProject
Project("{FAE04EC0-301F-11D3-BF4B-00C04F79EFBC}") = "EjerciciosBuclesP1", "1er Trimestre\Ejercicios Bucles P1\EjerciciosBuclesP1.csproj", "{CDA5657E-72EF-4EF8-8ECB-DCBA19ECE473}"
EndProject
Project("{FAE04EC0-301F-11D3-BF4B-00C04F79EFBC}") = "EjerciciosCadenas", "1er Trimestre\Ejercicios Cadenas\EjerciciosCadenas.csproj", "{811F5530-45B5-4609-9476-93722D91EFB4}"
EndProject
Project("{FAE04EC0-301F-11D3-BF4B-00C04F79EFBC}") = "EjerciciosCondicionalesP1", "1er Trimestre\Ejercicios CondicionalesP1\EjerciciosCondicionalesP1.csproj", "{52CB4DF5-D1B7-4F9B-B1AC-F7F2CFA34E1E}"
EndProject
Project("{FAE04EC0-301F-11D3-BF4B-00C04F79EFBC}") = "EjerciciosCondicionalesP2", "1er Trimestre\Ejercicios CondicionalesP2\EjerciciosCondicionalesP2.csproj", "{40AAB63F-F740-4AD9-8782-876A1A86D091}"
EndProject
Project("{FAE04EC0-301F-11D3-BF4B-00C04F79EFBC}") = "EjerciciosEnumeradas", "1er Trimestre\Ejercicios Enumerados\EjerciciosEnumeradas.csproj", "{AB2B9DB3-4CE0-4DE8-83E8-64AC1A2A704B}"
EndProject
Project("{FAE04EC0-301F-11D3-BF4B-00C04F79EFBC}") = "EjercicioEstructuras", "1er Trimestre\Ejercicios Estructuras\EjercicioEstructuras.csproj", "{EEDC5CEF-F1CC-4F4F-91BB-525B66D9CB1E}"
EndProject
Project("{FAE04EC0-301F-11D3-BF4B-00C04F79EFBC}") = "EjercicioMatrices", "1er Trimestre\Ejercicios Matrices\EjercicioMatrices.csproj", "{50C25B11-0E2A-467E-B4BD-0E882515D264}"
EndProject
Project("{FAE04EC0-301F-11D3-BF4B-00C04F79EFBC}") = "EjerciciosMetodos", "1er Trimestre\Ejercicios Metodos\EjerciciosMetodos.csproj", "{A31B085D-44A3-491F-82C1-6A9CCDF73E7A}"
EndProject
Project("{FAE04EC0-301F-11D3-BF4B-00C04F79EFBC}") = "EjerciciosRecursividad", "1er Trimestre\Ejercicios Recursividad\EjerciciosRecursividad.csproj", "{0577F052-4792-439A-A5C3-2B6752FDC2CF}"
EndProject
Project("{FAE04EC0-301F-11D3-BF4B-00C04F79EFBC}") = "EjerciciosSecuencialidad", "1er Trimestre\Ejercicios Secuencialidad\EjerciciosSecuencialidad.csproj", "{FB38FF02-16FB-4E9A-89F2-D0DC023882CE}"
EndProject
Project("{FAE04EC0-301F-11D3-BF4B-00C04F79EFBC}") = "ExpresionesRegulares", "2o Trimestre\Expresiones Regulares\ExpresionesRegulares.csproj", "{FF62E1A0-727B-492A-9227-A0CD609E89F5}"
EndProject
Project("{FAE04EC0-301F-11D3-BF4B-00C04F79EFBC}") = "EjerciciosFicheros", "2o Trimestre\Ejercicios Ficheros\EjerciciosFicheros.csproj", "{245C7B86-68A2-4EFC-A4C8-FB4A7B5A8031}"
EndProject
Project("{FAE04EC0-301F-11D3-BF4B-00C04F79EFBC}") = "Ejercicio1Ex", "2o Trimestre\EXCEPCIONES\Ejercicio1Ex\Ejercicio1Ex.csproj", "{989B3DBC-770A-4652-912E-83BE230E5DBD}"
EndProject
Project("{FAE04EC0-301F-11D3-BF4B-00C04F79EFBC}") = "Ejercicio2Ex", "2o Trimestre\EXCEPCIONES\Ejercicio2Ex\Ejercicio2Ex.csproj", "{ADA346A1-E039-491E-BDED-B403A950BBE7}"
EndProject
Project("{FAE04EC0-301F-11D3-BF4B-00C04F79EFBC}") = "Ejercicio3Ex", "2o Trimestre\EXCEPCIONES\Ejercicio3Ex\Ejercicio3Ex.csproj", "{03445C39-2E23-4B33-968D-DC9FC354504E}"
EndProject
Project("{FAE04EC0-301F-11D3-BF4B-00C04F79EFBC}") = "Ejercicio4Ex", "2o Trimestre\EXCEPCIONES\Ejercicio4Ex\Ejercicio4Ex.csproj", "{50A856C3-26AB-455C-AEC0-4BEB2631582A}"
EndProject
Project("{FAE04EC0-301F-11D3-BF4B-00C04F79EFBC}") = "Ejercicio5Ex", "2o Trimestre\EXCEPCIONES\Ejercicio5Ex\Ejercicio5Ex.csproj", "{ED847080-538D-4380-AABB-62490EBD9B4A}"
EndProject
Project("{FAE04EC0-301F-11D3-BF4B-00C04F79EFBC}") = "Ejercicio1PEP", "2o Trimestre\POLIMORFISMO\Ejercicio1PEP\Ejercicio1PEP.csproj", "{1B22C7C6-B0A8-437E-8EB6-0587667DA9DF}"
EndProject
Project("{FAE04EC0-301F-11D3-BF4B-00C04F79EFBC}") = "Ejercicio2PEP", "2o Trimestre\POLIMORFISMO\Ejercicio2PEP\Ejercicio2PEP.csproj", "{66666C03-21B4-4AD0-9743-5786B58ABC88}"
EndProject
Project("{FAE04EC0-301F-11D3-BF4B-00C04F79EFBC}") = "Ejercicio3PEP", "2o Trimestre\POLIMORFISMO\Ejercicio3PEP\Ejercicio3PEP.csproj", "{90D0F9DE-9B4F-4A15-B893-06A6C5BD1A11}"
EndProject
Project("{FAE04EC0-301F-11D3-BF4B-00C04F79EFBC}") = "Ejercicio4PEP", "2o Trimestre\POLIMORFISMO\Ejercicio4PEP\Ejercicio4PEP.csproj", "{D1F330F5-3B4F-413C-A3E2-CEA957E8A3AD}"
EndProject
Project("{FAE04EC0-301F-11D3-BF4B-00C04F79EFBC}") = "Ejercicio1", "2o Trimestre\POO\Ejercicio 1 POO\Ejercicio1.csproj", "{B97C6B1F-14AE-4E96-8CDB-93DD3A2CD902}"
EndProject
Project("{FAE04EC0-301F-11D3-BF4B-00C04F79EFBC}") = "Ejercicio2", "2o Trimestre\POO\Ejercicio 2 POO\Ejercicio2.csproj", "{AC021842-1A33-42A2-BD8A-E75B6A834A71}"
EndProject
Project("{FAE04EC0-301F-11D3-BF4B-00C04F79EFBC}") = "Ejercicio3", "2o Trimestre\POO\Ejercicio 3 POO\Ejercicio3.csproj", "{F4E2D37F-9D1A-4B7D-B0A0-E0150B4023E1}"
EndProject
Project("{FAE04EC0-301F-11D3-BF4B-00C04F79EFBC}") = "Ejercicio4", "2o Trimestre\POO\Ejercicio 4 POO\Ejercicio4.csproj", "{C377D33E-9DA4-454F-9A1F-9F2B924C38C2}"
EndProject
Project("{FAE04EC0-301F-11D3-BF4B-00C04F79EFBC}") = "Ejercicio5", "2o Trimestre\POO\Ejercicio 5 POO\Ejercicio5.csproj", "{4F0DD927-14C7-4245-B503-945247C8BE4D}"
EndProject
Project("{FAE04EC0-301F-11D3-BF4B-00C04F79EFBC}") = "Ejercicio6", "2o Trimestre\POO\Ejercicio 6 POO\Ejercicio6.csproj", "{107D2120-B746-4DBF-8609-097FFF38CF30}"
EndProject
Project("{FAE04EC0-301F-11D3-BF4B-00C04F79EFBC}") = "Ejercicio7", "2o Trimestre\POO\Ejercicio 7 POO\Ejercicio7.csproj", "{29F2621F-82A9-42F9-BFE0-9A21EDDCD8A4}"
EndProject
Project("{FAE04EC0-301F-11D3-BF4B-00C04F79EFBC}") = "Ejercicio8", "2o Trimestre\POO\Ejercicio 8 POO\Ejercicio8.csproj", "{816E5289-14D1-4B53-B435-7E135A66DEB0}"
EndProject
Project("{FAE04EC0-301F-11D3-BF4B-00C04F79EFBC}") = "Ejercicio9", "2o Trimestre\POO\Ejercicio 9 POO\Ejercicio9.csproj", "{5AC3276A-62DD-4FAE-BD59-3AE0B4A0EAB5}"
EndProject
Project("{FAE04EC0-301F-11D3-BF4B-00C04F79EFBC}") = "Ejercicio010", "2o Trimestre\POO\Ejercicio 10 POO\Ejercicio010.csproj", "{8A3ABD5A-331B-409A-8A96-04FFB25DA470}"
EndProject
Project("{2150E333-8FDC-42A3-9474-1A3956D46DE8}") = "3erTrimestre", "3erTrimestre", "{1CC0EBB9-A91B-41D3-ACB5-EA725F58FDB5}"
EndProject
Project("{FAE04EC0-301F-11D3-BF4B-00C04F79EFBC}") = "Ejemplo Operadores", "3er Trimestre\REDEFINICION DE OPERADORES\Ejemlpos Operadores\Ejemplo Operadores.csproj", "{2A041E8C-C915-4D3A-942C-AAEE609D1C80}"
EndProject
Project("{FAE04EC0-301F-11D3-BF4B-00C04F79EFBC}") = "Ejercicio1RO", "3er Trimestre\REDEFINICION DE OPERADORES\Ejercicio1RO\Ejercicio1RO.csproj", "{34CA4A4A-FF63-4D4A-A467-3FB8CDE30B96}"
EndProject
Project("{FAE04EC0-301F-11D3-BF4B-00C04F79EFBC}") = "Ejercicio2RO", "3er Trimestre\REDEFINICION DE OPERADORES\Ejercicio2RO\Ejercicio2RO.csproj", "{024B4969-AF4B-490B-9C80-C2FF6EFB2639}"
EndProject
Project("{FAE04EC0-301F-11D3-BF4B-00C04F79EFBC}") = "Ejercicio3RO", "3er Trimestre\REDEFINICION DE OPERADORES\Ejercicio3RO\Ejercicio3RO.csproj", "{730250D6-FF8F-422F-A69D-B56FCDEB59B1}"
EndProject
Project("{FAE04EC0-301F-11D3-BF4B-00C04F79EFBC}") = "Ejercicio4RO", "3er Trimestre\REDEFINICION DE OPERADORES\Ejercicio4RO\Ejercicio4RO.csproj", "{820AFC5E-D15B-4462-95FB-CFB4C440F21E}"
EndProject
Project("{FAE04EC0-301F-11D3-BF4B-00C04F79EFBC}") = "Ejercicio5RO", "3er Trimestre\REDEFINICION DE OPERADORES\Ejercicio5RO\Ejercicio5RO.csproj", "{4CF09917-3C16-42DA-9299-165B5740F9A4}"
EndProject
Project("{FAE04EC0-301F-11D3-BF4B-00C04F79EFBC}") = "Ejercicio1IN", "3er Trimestre\INDIZADORES\Ejercicio1IN\Ejercicio1IN.csproj", "{856850B2-5C23-4ED4-8249-5435BB15E36D}"
EndProject
Project("{FAE04EC0-301F-11D3-BF4B-00C04F79EFBC}") = "Ejercicio2IN", "3er Trimestre\INDIZADORES\Ejercicio2IN\Ejercicio2IN.csproj", "{C4AEC111-50F3-49CB-AF3F-893196C8ECBE}"
EndProject
Project("{FAE04EC0-301F-11D3-BF4B-00C04F79EFBC}") = "Ejercicio3IN", "3er Trimestre\INDIZADORES\Ejercicio3IN\Ejercicio3IN.csproj", "{F1DE98A2-D1C6-424E-A9FE-58C65A060B7A}"
EndProject
Project("{FAE04EC0-301F-11D3-BF4B-00C04F79EFBC}") = "Ejercicio4IN", "3er Trimestre\INDIZADORES\Ejercicio4IN\Ejercicio4IN.csproj", "{A82220BE-3AB6-4D97-BE37-D0ADB141537E}"
EndProject
Project("{FAE04EC0-301F-11D3-BF4B-00C04F79EFBC}") = "Ejercicio5IN", "3er Trimestre\INDIZADORES\Ejercicio5IN\Ejercicio5IN.csproj", "{8DCE60EA-5AB4-4635-8A89-C27DCBD3942F}"
EndProject
Project("{FAE04EC0-301F-11D3-BF4B-00C04F79EFBC}") = "Ejercicio6IN", "3er Trimestre\INDIZADORES\Ejercicio6IN\Ejercicio6IN.csproj", "{39750949-5C10-4E1B-8693-AA37A373D4CC}"
EndProject
Project("{2150E333-8FDC-42A3-9474-1A3956D46DE8}") = "INTERFACES", "INTERFACES", "{178407E5-546B-40F1-9B5B-A392E7402695}"
EndProject
Project("{FAE04EC0-301F-11D3-BF4B-00C04F79EFBC}") = "Ejercicio1INT", "3er Trimestre\INTERFACES\Ejercicio1INT\Ejercicio1INT.csproj", "{CDA136C6-04F4-4A52-8AF8-A75696BC14EA}"
EndProject
Project("{FAE04EC0-301F-11D3-BF4B-00C04F79EFBC}") = "Ejercicio2INT", "3er Trimestre\INTERFACES\Ejercicio2INT\Ejercicio2INT.csproj", "{8359D062-32CE-4D40-B689-5433CC0871BC}"
EndProject
Project("{FAE04EC0-301F-11D3-BF4B-00C04F79EFBC}") = "Ejercicio3INT", "3er Trimestre\INTERFACES\Ejercicio3INT\Ejercicio3INT.csproj", "{B7482A29-125E-472B-914F-3E7E8A43E535}"
EndProject
Project("{FAE04EC0-301F-11D3-BF4B-00C04F79EFBC}") = "Ejercicio4INT", "3er Trimestre\INTERFACES\Ejercicio4INT\Ejercicio4INT.csproj", "{AE4496D8-D7BF-44D5-BDF9-AF99167D4B16}"
EndProject
Project("{FAE04EC0-301F-11D3-BF4B-00C04F79EFBC}") = "Ejercicio5INT", "3er Trimestre\INTERFACES\Ejercicio5INT\Ejercicio5INT.csproj", "{2E4CF034-2AF0-430B-8DE0-955E927A3155}"
EndProject
Project("{FAE04EC0-301F-11D3-BF4B-00C04F79EFBC}") = "pruabas", "..\TEMARIO\Bloque 5 - Programación orientada a objetos desde de C#\Ejemplos\Ejemplo Uso Interfaces\pruabas.csproj", "{AA9A495F-B724-4790-B8C4-8428BFFF9250}"
EndProject
Project("{FAE04EC0-301F-11D3-BF4B-00C04F79EFBC}") = "MisInterfaces", "3er Trimestre\INTERFACES\MisInterfaces\MisInterfaces.csproj", "{6BAF2B7D-F1A3-4B2E-97E9-8FCCC9DB4007}"
EndProject
Project("{2150E333-8FDC-42A3-9474-1A3956D46DE8}") = "GENERICOS", "GENERICOS", "{456B0C2A-0017-463B-86F6-925F3F9B352F}"
EndProject
Project("{FAE04EC0-301F-11D3-BF4B-00C04F79EFBC}") = "Ejercicio1GEN", "3er Trimestre\GENERICOS\Ejercicio1GEN\Ejercicio1GEN.csproj", "{5B4F4E8E-874E-4017-BD56-9646D8737315}"
EndProject
Project("{FAE04EC0-301F-11D3-BF4B-00C04F79EFBC}") = "Ejercicio2GEN", "3er Trimestre\GENERICOS\Ejercicio2GEN\Ejercicio2GEN.csproj", "{72FB4A43-DE77-48E3-9016-D5292EE30A70}"
EndProject
Project("{FAE04EC0-301F-11D3-BF4B-00C04F79EFBC}") = "Ejercicio3GEN", "3er Trimestre\GENERICOS\Ejercicio3GEN\Ejercicio3GEN.csproj", "{AB9B49BB-3A55-476E-98A2-F1578E4EDAF4}"
EndProject
Project("{FAE04EC0-301F-11D3-BF4B-00C04F79EFBC}") = "Ejercicio4GEN", "3er Trimestre\GENERICOS\Ejercicio4GEN\Ejercicio4GEN.csproj", "{9DBD39D9-503D-44FB-8FB3-9D2BA6764E68}"
EndProject
Project("{FAE04EC0-301F-11D3-BF4B-00C04F79EFBC}") = "Ejercicio5GEN", "3er Trimestre\GENERICOS\Ejercicio5GEN\Ejercicio5GEN.csproj", "{DD329149-6A24-4893-976E-C4943BA1613D}"
EndProject
Project("{2150E333-8FDC-42A3-9474-1A3956D46DE8}") = "COLECCIONES", "COLECCIONES", "{5F91FE89-4FA2-47F0-95FB-92376D1C4F12}"
EndProject
Project("{2150E333-8FDC-42A3-9474-1A3956D46DE8}") = "BLOQUE 1", "BLOQUE 1", "{3918E3B7-D0D8-4EA9-AF9F-D68B94ABE320}"
EndProject
Project("{2150E333-8FDC-42A3-9474-1A3956D46DE8}") = "BLOQUE 2", "BLOQUE 2", "{86065E13-7DB0-494D-BEDC-E4EBDDA67ED0}"
EndProject
Project("{2150E333-8FDC-42A3-9474-1A3956D46DE8}") = "BLOQUE 3", "BLOQUE 3", "{4AE4DF52-9F2B-4643-8B53-CFFACFED9941}"
EndProject
Project("{2150E333-8FDC-42A3-9474-1A3956D46DE8}") = "BLOQUE 4", "BLOQUE 4", "{64DF6CC5-3D28-4F1D-9011-EAE8F92191F9}"
EndProject
Project("{FAE04EC0-301F-11D3-BF4B-00C04F79EFBC}") = "Ejercicio2-B1-C", "3er Trimestre\COLECCIONES\BLOQUE 1\Ejercicio2-B1-C\Ejercicio2-B1-C.csproj", "{388D8C42-F113-4944-8B51-F413E783CD42}"
EndProject
Project("{FAE04EC0-301F-11D3-BF4B-00C04F79EFBC}") = "Ejercicio1-B2-C", "3er Trimestre\COLECCIONES\BLOQUE 2\Ejercicio1-B2-C\Ejercicio1-B2-C.csproj", "{CF652775-AD16-4ACB-B873-8C7FCBB4DF69}"
EndProject
Project("{FAE04EC0-301F-11D3-BF4B-00C04F79EFBC}") = "Ejercicio2-B2-C", "3er Trimestre\COLECCIONES\BLOQUE 2\Ejercicio2-B2-C\Ejercicio2-B2-C.csproj", "{33ED546B-C09A-4009-8793-B42708CD8180}"
EndProject
Project("{FAE04EC0-301F-11D3-BF4B-00C04F79EFBC}") = "Ejercicio3-B2-C", "3er Trimestre\COLECCIONES\BLOQUE 2\Ejercicio3-B2-C\Ejercicio3-B2-C.csproj", "{951EB06E-0A8D-44A7-944A-CFB75F104585}"
EndProject
Project("{FAE04EC0-301F-11D3-BF4B-00C04F79EFBC}") = "Ejercicio4-B2-C", "3er Trimestre\COLECCIONES\BLOQUE 2\Ejercicio4-B2-C\Ejercicio4-B2-C.csproj", "{C46DA06A-4B29-4303-8DF0-F54F877FCC83}"
EndProject
Project("{FAE04EC0-301F-11D3-BF4B-00C04F79EFBC}") = "Ejercicio1-B3-C", "3er Trimestre\COLECCIONES\BLOQUE 3\Ejercicio1-B3-C\Ejercicio1-B3-C.csproj", "{45443DF7-7F22-48F6-B9C9-2846A6400FBE}"
EndProject
Project("{FAE04EC0-301F-11D3-BF4B-00C04F79EFBC}") = "Ejercicio2-B3-C", "3er Trimestre\COLECCIONES\BLOQUE 3\Ejercicio2-B3-C\Ejercicio2-B3-C.csproj", "{782C7F51-2C88-441D-9312-86EC146E0A70}"
EndProject
Project("{FAE04EC0-301F-11D3-BF4B-00C04F79EFBC}") = "Ejercicio1-B4-C", "3er Trimestre\COLECCIONES\BLOQUE 4\Ejercicio1-B4-C\Ejercicio1-B4-C.csproj", "{2F1E04EC-61C1-4F41-BEAF-41337B3D4A0E}"
EndProject
Project("{FAE04EC0-301F-11D3-BF4B-00C04F79EFBC}") = "Ejercicio2-B4-C", "3er Trimestre\COLECCIONES\BLOQUE 4\Ejercicio2-B4-C\Ejercicio2-B4-C.csproj", "{4482E5BC-30BE-44B7-B270-77E41E5F9FAA}"
EndProject
Project("{FAE04EC0-301F-11D3-BF4B-00C04F79EFBC}") = "Ejercicio3-B4-C", "3er Trimestre\COLECCIONES\BLOQUE 4\Ejercicio3-B4-C\Ejercicio3-B4-C.csproj", "{1F082340-8BA6-4883-8504-27BDB97E4A7E}"
EndProject
Project("{FAE04EC0-301F-11D3-BF4B-00C04F79EFBC}") = "MisColecciones", "3er Trimestre\COLECCIONES\BLOQUE 1\MisColecciones\MisColecciones\MisColecciones.csproj", "{F6A0FE7A-BE50-4DD0-B3C0-6101E6F178EB}"
EndProject
Project("{2150E333-8FDC-42A3-9474-1A3956D46DE8}") = "DelegadosYEventos", "DelegadosYEventos", "{45BBC4EB-BB0B-4EED-8D7F-C51B3F707424}"
EndProject
Project("{2150E333-8FDC-42A3-9474-1A3956D46DE8}") = "DParamGenericos", "DParamGenericos", "{883804B7-DEC6-416B-8129-FAFC7F27A09F}"
EndProject
Project("{2150E333-8FDC-42A3-9474-1A3956D46DE8}") = "Delegados", "Delegados", "{C3E386E1-0743-428B-8076-641AD92C0315}"
EndProject
Project("{2150E333-8FDC-42A3-9474-1A3956D46DE8}") = "Eventos", "Eventos", "{86B4DFFB-5415-4CB8-B54D-5A8EFCFEC559}"
EndProject
Project("{FAE04EC0-301F-11D3-BF4B-00C04F79EFBC}") = "Ejercicio1", "3er Trimestre\DELEGADOS Y EVENTOS\DELEGADOS\Ejercicio1\Ejercicio1.csproj", "{D70DC7FC-42AA-47F8-A62C-D9B5AF4163C9}"
EndProject
Project("{FAE04EC0-301F-11D3-BF4B-00C04F79EFBC}") = "Ejercicio2", "3er Trimestre\DELEGADOS Y EVENTOS\DELEGADOS\Ejercicio2\Ejercicio2.csproj", "{416C7FAF-224F-451D-8FF0-18E42B666549}"
EndProject
Project("{FAE04EC0-301F-11D3-BF4B-00C04F79EFBC}") = "Ejercicio1", "3er Trimestre\DELEGADOS Y EVENTOS\EVENTOS\Ejercicio1\Ejercicio1.csproj", "{49B6BE47-9681-49A8-8B38-A394F945CF45}"
EndProject
Project("{FAE04EC0-301F-11D3-BF4B-00C04F79EFBC}") = "Ejercicio2", "3er Trimestre\DELEGADOS Y EVENTOS\EVENTOS\Ejercicio2\Ejercicio2.csproj", "{965BD0C2-9917-46AD-8323-537213C0CD9F}"
EndProject
Project("{FAE04EC0-301F-11D3-BF4B-00C04F79EFBC}") = "Ejercicio3", "3er Trimestre\DELEGADOS Y EVENTOS\EVENTOS\Ejercicio3\Ejercicio3.csproj", "{C103053B-F815-4F54-A516-6D773A97DF14}"
EndProject
Project("{FAE04EC0-301F-11D3-BF4B-00C04F79EFBC}") = "Ejercicio4", "3er Trimestre\DELEGADOS Y EVENTOS\EVENTOS\Ejercicio4\Ejercicio4.csproj", "{4975490F-9195-41D9-BE4B-0E95F5B71F0C}"
EndProject
Project("{FAE04EC0-301F-11D3-BF4B-00C04F79EFBC}") = "Ejercicio1", "3er Trimestre\DELEGADOS Y EVENTOS\DELEGADOS PARAM. GENERICOS\Ejercicio1\Ejercicio1.csproj", "{ABBBFAC2-B041-4D0F-BB6B-B4A4AD3B28CA}"
EndProject
Project("{FAE04EC0-301F-11D3-BF4B-00C04F79EFBC}") = "Ejercicio2", "3er Trimestre\DELEGADOS Y EVENTOS\DELEGADOS PARAM. GENERICOS\Ejercicio2\Ejercicio2.csproj", "{F0951AF1-17C2-493B-87F4-31BB382A943D}"
EndProject
Project("{2150E333-8FDC-42A3-9474-1A3956D46DE8}") = "USING, ANONIMOS,EXTENSORES", "USING, ANONIMOS,EXTENSORES", "{43F1E73B-B0A3-4732-A0D3-25AF45B7B312}"
EndProject
Project("{FAE04EC0-301F-11D3-BF4B-00C04F79EFBC}") = "Ejercicio1", "3er Trimestre\USING, ANONIMOS, EXTENSORES\Ejercicio1\Ejercicio1.csproj", "{D203DC6A-767A-4164-941D-73CECBED6838}"
EndProject
Project("{FAE04EC0-301F-11D3-BF4B-00C04F79EFBC}") = "Ejercicio2", "3er Trimestre\USING, ANONIMOS, EXTENSORES\Ejercicio2\Ejercicio2.csproj", "{AE06D3DE-4024-4790-B2CF-BA2824F5C0F8}"
EndProject
Project("{FAE04EC0-301F-11D3-BF4B-00C04F79EFBC}") = "Ejercicio3", "3er Trimestre\USING, ANONIMOS, EXTENSORES\Ejercicio3\Ejercicio3.csproj", "{F51BE67B-256E-4194-96F7-4C446749DA39}"
EndProject
Project("{FAE04EC0-301F-11D3-BF4B-00C04F79EFBC}") = "Ejercicio4", "3er Trimestre\USING, ANONIMOS, EXTENSORES\Ejercicio4\Ejercicio4.csproj", "{78B227D1-4E72-46A5-A075-4D955F9437D7}"
EndProject
Project("{2150E333-8FDC-42A3-9474-1A3956D46DE8}") = "P FUNCIONAL", "P FUNCIONAL", "{FFAE8EED-9A42-4B80-B22A-63D482A1492E}"
EndProject
Project("{FAE04EC0-301F-11D3-BF4B-00C04F79EFBC}") = "Ejercicio1", "3er Trimestre\PFUNCIONAL\Ejercicio1\Ejercicio1.csproj", "{839E49E2-5F8C-44B1-9E78-823D5FB5D192}"
EndProject
Project("{FAE04EC0-301F-11D3-BF4B-00C04F79EFBC}") = "Ejercicio2", "3er Trimestre\PFUNCIONAL\Ejercicio2\Ejercicio2.csproj", "{F9218FCD-2B16-4F14-B26C-8BC188B29AF2}"
EndProject
Project("{FAE04EC0-301F-11D3-BF4B-00C04F79EFBC}") = "Ejercicio3", "3er Trimestre\PFUNCIONAL\Ejercicio3\Ejercicio3.csproj", "{AAF7AC32-A40F-42C0-9386-4883D5BE4B9C}"
EndProject
Project("{FAE04EC0-301F-11D3-BF4B-00C04F79EFBC}") = "Ejercicio4", "3er Trimestre\PFUNCIONAL\Ejercicio4\Ejercicio4.csproj", "{0E6F08B8-0C19-40BC-A51E-4550196AA1AD}"
EndProject
Project("{FAE04EC0-301F-11D3-BF4B-00C04F79EFBC}") = "Ejercicio5", "3er Trimestre\PFUNCIONAL\Ejercicio5\Ejercicio5.csproj", "{657AC2CB-EDCF-4D20-836B-33098EAD9B8F}"
EndProject
Project("{FAE04EC0-301F-11D3-BF4B-00C04F79EFBC}") = "Ejercicio6", "3er Trimestre\PFUNCIONAL\Ejercicio6\Ejercicio6.csproj", "{892B6FA4-24C3-4C0D-B31E-0AD4B0C848DD}"
EndProject
Project("{2150E333-8FDC-42A3-9474-1A3956D46DE8}") = "P ASINCRONA", "P ASINCRONA", "{CFB4F60C-1D13-458F-8EDE-6E1D8C30DDA2}"
EndProject
Project("{FAE04EC0-301F-11D3-BF4B-00C04F79EFBC}") = "Ejercicio1", "3er Trimestre\PASINCRONA\Ejercicio1\Ejercicio1.csproj", "{8E04A5C6-0DA6-4478-8308-5126BB137038}"
EndProject
Project("{FAE04EC0-301F-11D3-BF4B-00C04F79EFBC}") = "Ejercicio2", "3er Trimestre\PASINCRONA\Ejercicio2\Ejercicio2.csproj", "{917F044A-3640-4988-BAB2-940EECB11707}"
EndProject
Project("{FAE04EC0-301F-11D3-BF4B-00C04F79EFBC}") = "Ejercicio3", "3er Trimestre\PASINCRONA\Ejercicio3\Ejercicio3.csproj", "{8BBA9AA1-FB7E-4B82-B462-0F584054AC1C}"
EndProject
Project("{FAE04EC0-301F-11D3-BF4B-00C04F79EFBC}") = "Ejercicio4", "3er Trimestre\PASINCRONA\Ejercicio4\Ejercicio4.csproj", "{04FB15E1-6C8D-4E90-AED5-C9EAC5F41D14}"
EndProject
Project("{FAE04EC0-301F-11D3-BF4B-00C04F79EFBC}") = "Ejercicio5", "3er Trimestre\PASINCRONA\Ejercicio5\Ejercicio5.csproj", "{7A0B385F-D922-41D8-9985-E2C5BFE49226}"
EndProject
Project("{2150E333-8FDC-42A3-9474-1A3956D46DE8}") = "SERIALIZACION", "SERIALIZACION", "{29533032-FD38-4D16-A2D2-D223E574CA74}"
EndProject
Project("{FAE04EC0-301F-11D3-BF4B-00C04F79EFBC}") = "Ejercicio1", "3er Trimestre\SERIALIZACION\Ejercicio1\Ejercicio1.csproj", "{EA3A23F8-72D5-4E63-B370-EB077CBE78BC}"
EndProject
Project("{FAE04EC0-301F-11D3-BF4B-00C04F79EFBC}") = "Ejercicio2", "3er Trimestre\SERIALIZACION\Ejercicio2\Ejercicio2.csproj", "{E9920029-7A0F-4D40-AC70-5AC69B64E16E}"
EndProject
Global
	GlobalSection(SolutionConfigurationPlatforms) = preSolution
		Debug|Any CPU = Debug|Any CPU
		Release|Any CPU = Release|Any CPU
	EndGlobalSection
	GlobalSection(ProjectConfigurationPlatforms) = postSolution
		{061B7A63-B95C-4A1A-A110-19871EEC2ACA}.Debug|Any CPU.ActiveCfg = Debug|Any CPU
		{061B7A63-B95C-4A1A-A110-19871EEC2ACA}.Debug|Any CPU.Build.0 = Debug|Any CPU
		{061B7A63-B95C-4A1A-A110-19871EEC2ACA}.Release|Any CPU.ActiveCfg = Release|Any CPU
		{061B7A63-B95C-4A1A-A110-19871EEC2ACA}.Release|Any CPU.Build.0 = Release|Any CPU
		{5FDC9424-5647-4BAD-9517-7E201B77A644}.Debug|Any CPU.ActiveCfg = Debug|Any CPU
		{5FDC9424-5647-4BAD-9517-7E201B77A644}.Debug|Any CPU.Build.0 = Debug|Any CPU
		{5FDC9424-5647-4BAD-9517-7E201B77A644}.Release|Any CPU.ActiveCfg = Release|Any CPU
		{5FDC9424-5647-4BAD-9517-7E201B77A644}.Release|Any CPU.Build.0 = Release|Any CPU
		{966F1C68-A798-42BC-AE81-C2779436320F}.Debug|Any CPU.ActiveCfg = Debug|Any CPU
		{966F1C68-A798-42BC-AE81-C2779436320F}.Debug|Any CPU.Build.0 = Debug|Any CPU
		{966F1C68-A798-42BC-AE81-C2779436320F}.Release|Any CPU.ActiveCfg = Release|Any CPU
		{966F1C68-A798-42BC-AE81-C2779436320F}.Release|Any CPU.Build.0 = Release|Any CPU
		{CDA5657E-72EF-4EF8-8ECB-DCBA19ECE473}.Debug|Any CPU.ActiveCfg = Debug|Any CPU
		{CDA5657E-72EF-4EF8-8ECB-DCBA19ECE473}.Debug|Any CPU.Build.0 = Debug|Any CPU
		{CDA5657E-72EF-4EF8-8ECB-DCBA19ECE473}.Release|Any CPU.ActiveCfg = Release|Any CPU
		{CDA5657E-72EF-4EF8-8ECB-DCBA19ECE473}.Release|Any CPU.Build.0 = Release|Any CPU
		{811F5530-45B5-4609-9476-93722D91EFB4}.Debug|Any CPU.ActiveCfg = Debug|Any CPU
		{811F5530-45B5-4609-9476-93722D91EFB4}.Debug|Any CPU.Build.0 = Debug|Any CPU
		{811F5530-45B5-4609-9476-93722D91EFB4}.Release|Any CPU.ActiveCfg = Release|Any CPU
		{811F5530-45B5-4609-9476-93722D91EFB4}.Release|Any CPU.Build.0 = Release|Any CPU
		{52CB4DF5-D1B7-4F9B-B1AC-F7F2CFA34E1E}.Debug|Any CPU.ActiveCfg = Debug|Any CPU
		{52CB4DF5-D1B7-4F9B-B1AC-F7F2CFA34E1E}.Debug|Any CPU.Build.0 = Debug|Any CPU
		{52CB4DF5-D1B7-4F9B-B1AC-F7F2CFA34E1E}.Release|Any CPU.ActiveCfg = Release|Any CPU
		{52CB4DF5-D1B7-4F9B-B1AC-F7F2CFA34E1E}.Release|Any CPU.Build.0 = Release|Any CPU
		{40AAB63F-F740-4AD9-8782-876A1A86D091}.Debug|Any CPU.ActiveCfg = Debug|Any CPU
		{40AAB63F-F740-4AD9-8782-876A1A86D091}.Debug|Any CPU.Build.0 = Debug|Any CPU
		{40AAB63F-F740-4AD9-8782-876A1A86D091}.Release|Any CPU.ActiveCfg = Release|Any CPU
		{40AAB63F-F740-4AD9-8782-876A1A86D091}.Release|Any CPU.Build.0 = Release|Any CPU
		{AB2B9DB3-4CE0-4DE8-83E8-64AC1A2A704B}.Debug|Any CPU.ActiveCfg = Debug|Any CPU
		{AB2B9DB3-4CE0-4DE8-83E8-64AC1A2A704B}.Debug|Any CPU.Build.0 = Debug|Any CPU
		{AB2B9DB3-4CE0-4DE8-83E8-64AC1A2A704B}.Release|Any CPU.ActiveCfg = Release|Any CPU
		{AB2B9DB3-4CE0-4DE8-83E8-64AC1A2A704B}.Release|Any CPU.Build.0 = Release|Any CPU
		{EEDC5CEF-F1CC-4F4F-91BB-525B66D9CB1E}.Debug|Any CPU.ActiveCfg = Debug|Any CPU
		{EEDC5CEF-F1CC-4F4F-91BB-525B66D9CB1E}.Debug|Any CPU.Build.0 = Debug|Any CPU
		{EEDC5CEF-F1CC-4F4F-91BB-525B66D9CB1E}.Release|Any CPU.ActiveCfg = Release|Any CPU
		{EEDC5CEF-F1CC-4F4F-91BB-525B66D9CB1E}.Release|Any CPU.Build.0 = Release|Any CPU
		{50C25B11-0E2A-467E-B4BD-0E882515D264}.Debug|Any CPU.ActiveCfg = Debug|Any CPU
		{50C25B11-0E2A-467E-B4BD-0E882515D264}.Debug|Any CPU.Build.0 = Debug|Any CPU
		{50C25B11-0E2A-467E-B4BD-0E882515D264}.Release|Any CPU.ActiveCfg = Release|Any CPU
		{50C25B11-0E2A-467E-B4BD-0E882515D264}.Release|Any CPU.Build.0 = Release|Any CPU
		{A31B085D-44A3-491F-82C1-6A9CCDF73E7A}.Debug|Any CPU.ActiveCfg = Debug|Any CPU
		{A31B085D-44A3-491F-82C1-6A9CCDF73E7A}.Debug|Any CPU.Build.0 = Debug|Any CPU
		{A31B085D-44A3-491F-82C1-6A9CCDF73E7A}.Release|Any CPU.ActiveCfg = Release|Any CPU
		{A31B085D-44A3-491F-82C1-6A9CCDF73E7A}.Release|Any CPU.Build.0 = Release|Any CPU
		{0577F052-4792-439A-A5C3-2B6752FDC2CF}.Debug|Any CPU.ActiveCfg = Debug|Any CPU
		{0577F052-4792-439A-A5C3-2B6752FDC2CF}.Debug|Any CPU.Build.0 = Debug|Any CPU
		{0577F052-4792-439A-A5C3-2B6752FDC2CF}.Release|Any CPU.ActiveCfg = Release|Any CPU
		{0577F052-4792-439A-A5C3-2B6752FDC2CF}.Release|Any CPU.Build.0 = Release|Any CPU
		{FB38FF02-16FB-4E9A-89F2-D0DC023882CE}.Debug|Any CPU.ActiveCfg = Debug|Any CPU
		{FB38FF02-16FB-4E9A-89F2-D0DC023882CE}.Debug|Any CPU.Build.0 = Debug|Any CPU
		{FB38FF02-16FB-4E9A-89F2-D0DC023882CE}.Release|Any CPU.ActiveCfg = Release|Any CPU
		{FB38FF02-16FB-4E9A-89F2-D0DC023882CE}.Release|Any CPU.Build.0 = Release|Any CPU
		{FF62E1A0-727B-492A-9227-A0CD609E89F5}.Debug|Any CPU.ActiveCfg = Debug|Any CPU
		{FF62E1A0-727B-492A-9227-A0CD609E89F5}.Debug|Any CPU.Build.0 = Debug|Any CPU
		{FF62E1A0-727B-492A-9227-A0CD609E89F5}.Release|Any CPU.ActiveCfg = Release|Any CPU
		{FF62E1A0-727B-492A-9227-A0CD609E89F5}.Release|Any CPU.Build.0 = Release|Any CPU
		{245C7B86-68A2-4EFC-A4C8-FB4A7B5A8031}.Debug|Any CPU.ActiveCfg = Debug|Any CPU
		{245C7B86-68A2-4EFC-A4C8-FB4A7B5A8031}.Debug|Any CPU.Build.0 = Debug|Any CPU
		{245C7B86-68A2-4EFC-A4C8-FB4A7B5A8031}.Release|Any CPU.ActiveCfg = Release|Any CPU
		{245C7B86-68A2-4EFC-A4C8-FB4A7B5A8031}.Release|Any CPU.Build.0 = Release|Any CPU
		{989B3DBC-770A-4652-912E-83BE230E5DBD}.Debug|Any CPU.ActiveCfg = Debug|Any CPU
		{989B3DBC-770A-4652-912E-83BE230E5DBD}.Debug|Any CPU.Build.0 = Debug|Any CPU
		{989B3DBC-770A-4652-912E-83BE230E5DBD}.Release|Any CPU.ActiveCfg = Release|Any CPU
		{989B3DBC-770A-4652-912E-83BE230E5DBD}.Release|Any CPU.Build.0 = Release|Any CPU
		{ADA346A1-E039-491E-BDED-B403A950BBE7}.Debug|Any CPU.ActiveCfg = Debug|Any CPU
		{ADA346A1-E039-491E-BDED-B403A950BBE7}.Debug|Any CPU.Build.0 = Debug|Any CPU
		{ADA346A1-E039-491E-BDED-B403A950BBE7}.Release|Any CPU.ActiveCfg = Release|Any CPU
		{ADA346A1-E039-491E-BDED-B403A950BBE7}.Release|Any CPU.Build.0 = Release|Any CPU
		{03445C39-2E23-4B33-968D-DC9FC354504E}.Debug|Any CPU.ActiveCfg = Debug|Any CPU
		{03445C39-2E23-4B33-968D-DC9FC354504E}.Debug|Any CPU.Build.0 = Debug|Any CPU
		{03445C39-2E23-4B33-968D-DC9FC354504E}.Release|Any CPU.ActiveCfg = Release|Any CPU
		{03445C39-2E23-4B33-968D-DC9FC354504E}.Release|Any CPU.Build.0 = Release|Any CPU
		{50A856C3-26AB-455C-AEC0-4BEB2631582A}.Debug|Any CPU.ActiveCfg = Debug|Any CPU
		{50A856C3-26AB-455C-AEC0-4BEB2631582A}.Debug|Any CPU.Build.0 = Debug|Any CPU
		{50A856C3-26AB-455C-AEC0-4BEB2631582A}.Release|Any CPU.ActiveCfg = Release|Any CPU
		{50A856C3-26AB-455C-AEC0-4BEB2631582A}.Release|Any CPU.Build.0 = Release|Any CPU
		{ED847080-538D-4380-AABB-62490EBD9B4A}.Debug|Any CPU.ActiveCfg = Debug|Any CPU
		{ED847080-538D-4380-AABB-62490EBD9B4A}.Debug|Any CPU.Build.0 = Debug|Any CPU
		{ED847080-538D-4380-AABB-62490EBD9B4A}.Release|Any CPU.ActiveCfg = Release|Any CPU
		{ED847080-538D-4380-AABB-62490EBD9B4A}.Release|Any CPU.Build.0 = Release|Any CPU
		{1B22C7C6-B0A8-437E-8EB6-0587667DA9DF}.Debug|Any CPU.ActiveCfg = Debug|Any CPU
		{1B22C7C6-B0A8-437E-8EB6-0587667DA9DF}.Debug|Any CPU.Build.0 = Debug|Any CPU
		{1B22C7C6-B0A8-437E-8EB6-0587667DA9DF}.Release|Any CPU.ActiveCfg = Release|Any CPU
		{1B22C7C6-B0A8-437E-8EB6-0587667DA9DF}.Release|Any CPU.Build.0 = Release|Any CPU
		{66666C03-21B4-4AD0-9743-5786B58ABC88}.Debug|Any CPU.ActiveCfg = Debug|Any CPU
		{66666C03-21B4-4AD0-9743-5786B58ABC88}.Debug|Any CPU.Build.0 = Debug|Any CPU
		{66666C03-21B4-4AD0-9743-5786B58ABC88}.Release|Any CPU.ActiveCfg = Release|Any CPU
		{66666C03-21B4-4AD0-9743-5786B58ABC88}.Release|Any CPU.Build.0 = Release|Any CPU
		{90D0F9DE-9B4F-4A15-B893-06A6C5BD1A11}.Debug|Any CPU.ActiveCfg = Debug|Any CPU
		{90D0F9DE-9B4F-4A15-B893-06A6C5BD1A11}.Debug|Any CPU.Build.0 = Debug|Any CPU
		{90D0F9DE-9B4F-4A15-B893-06A6C5BD1A11}.Release|Any CPU.ActiveCfg = Release|Any CPU
		{90D0F9DE-9B4F-4A15-B893-06A6C5BD1A11}.Release|Any CPU.Build.0 = Release|Any CPU
		{D1F330F5-3B4F-413C-A3E2-CEA957E8A3AD}.Debug|Any CPU.ActiveCfg = Debug|Any CPU
		{D1F330F5-3B4F-413C-A3E2-CEA957E8A3AD}.Debug|Any CPU.Build.0 = Debug|Any CPU
		{D1F330F5-3B4F-413C-A3E2-CEA957E8A3AD}.Release|Any CPU.ActiveCfg = Release|Any CPU
		{D1F330F5-3B4F-413C-A3E2-CEA957E8A3AD}.Release|Any CPU.Build.0 = Release|Any CPU
		{B97C6B1F-14AE-4E96-8CDB-93DD3A2CD902}.Debug|Any CPU.ActiveCfg = Debug|Any CPU
		{B97C6B1F-14AE-4E96-8CDB-93DD3A2CD902}.Debug|Any CPU.Build.0 = Debug|Any CPU
		{B97C6B1F-14AE-4E96-8CDB-93DD3A2CD902}.Release|Any CPU.ActiveCfg = Release|Any CPU
		{B97C6B1F-14AE-4E96-8CDB-93DD3A2CD902}.Release|Any CPU.Build.0 = Release|Any CPU
		{AC021842-1A33-42A2-BD8A-E75B6A834A71}.Debug|Any CPU.ActiveCfg = Debug|Any CPU
		{AC021842-1A33-42A2-BD8A-E75B6A834A71}.Debug|Any CPU.Build.0 = Debug|Any CPU
		{AC021842-1A33-42A2-BD8A-E75B6A834A71}.Release|Any CPU.ActiveCfg = Release|Any CPU
		{AC021842-1A33-42A2-BD8A-E75B6A834A71}.Release|Any CPU.Build.0 = Release|Any CPU
		{F4E2D37F-9D1A-4B7D-B0A0-E0150B4023E1}.Debug|Any CPU.ActiveCfg = Debug|Any CPU
		{F4E2D37F-9D1A-4B7D-B0A0-E0150B4023E1}.Debug|Any CPU.Build.0 = Debug|Any CPU
		{F4E2D37F-9D1A-4B7D-B0A0-E0150B4023E1}.Release|Any CPU.ActiveCfg = Release|Any CPU
		{F4E2D37F-9D1A-4B7D-B0A0-E0150B4023E1}.Release|Any CPU.Build.0 = Release|Any CPU
		{C377D33E-9DA4-454F-9A1F-9F2B924C38C2}.Debug|Any CPU.ActiveCfg = Debug|Any CPU
		{C377D33E-9DA4-454F-9A1F-9F2B924C38C2}.Debug|Any CPU.Build.0 = Debug|Any CPU
		{C377D33E-9DA4-454F-9A1F-9F2B924C38C2}.Release|Any CPU.ActiveCfg = Release|Any CPU
		{C377D33E-9DA4-454F-9A1F-9F2B924C38C2}.Release|Any CPU.Build.0 = Release|Any CPU
		{4F0DD927-14C7-4245-B503-945247C8BE4D}.Debug|Any CPU.ActiveCfg = Debug|Any CPU
		{4F0DD927-14C7-4245-B503-945247C8BE4D}.Debug|Any CPU.Build.0 = Debug|Any CPU
		{4F0DD927-14C7-4245-B503-945247C8BE4D}.Release|Any CPU.ActiveCfg = Release|Any CPU
		{4F0DD927-14C7-4245-B503-945247C8BE4D}.Release|Any CPU.Build.0 = Release|Any CPU
		{107D2120-B746-4DBF-8609-097FFF38CF30}.Debug|Any CPU.ActiveCfg = Debug|Any CPU
		{107D2120-B746-4DBF-8609-097FFF38CF30}.Debug|Any CPU.Build.0 = Debug|Any CPU
		{107D2120-B746-4DBF-8609-097FFF38CF30}.Release|Any CPU.ActiveCfg = Release|Any CPU
		{107D2120-B746-4DBF-8609-097FFF38CF30}.Release|Any CPU.Build.0 = Release|Any CPU
		{29F2621F-82A9-42F9-BFE0-9A21EDDCD8A4}.Debug|Any CPU.ActiveCfg = Debug|Any CPU
		{29F2621F-82A9-42F9-BFE0-9A21EDDCD8A4}.Debug|Any CPU.Build.0 = Debug|Any CPU
		{29F2621F-82A9-42F9-BFE0-9A21EDDCD8A4}.Release|Any CPU.ActiveCfg = Release|Any CPU
		{29F2621F-82A9-42F9-BFE0-9A21EDDCD8A4}.Release|Any CPU.Build.0 = Release|Any CPU
		{816E5289-14D1-4B53-B435-7E135A66DEB0}.Debug|Any CPU.ActiveCfg = Debug|Any CPU
		{816E5289-14D1-4B53-B435-7E135A66DEB0}.Debug|Any CPU.Build.0 = Debug|Any CPU
		{816E5289-14D1-4B53-B435-7E135A66DEB0}.Release|Any CPU.ActiveCfg = Release|Any CPU
		{816E5289-14D1-4B53-B435-7E135A66DEB0}.Release|Any CPU.Build.0 = Release|Any CPU
		{5AC3276A-62DD-4FAE-BD59-3AE0B4A0EAB5}.Debug|Any CPU.ActiveCfg = Debug|Any CPU
		{5AC3276A-62DD-4FAE-BD59-3AE0B4A0EAB5}.Debug|Any CPU.Build.0 = Debug|Any CPU
		{5AC3276A-62DD-4FAE-BD59-3AE0B4A0EAB5}.Release|Any CPU.ActiveCfg = Release|Any CPU
		{5AC3276A-62DD-4FAE-BD59-3AE0B4A0EAB5}.Release|Any CPU.Build.0 = Release|Any CPU
		{8A3ABD5A-331B-409A-8A96-04FFB25DA470}.Debug|Any CPU.ActiveCfg = Debug|Any CPU
		{8A3ABD5A-331B-409A-8A96-04FFB25DA470}.Debug|Any CPU.Build.0 = Debug|Any CPU
		{8A3ABD5A-331B-409A-8A96-04FFB25DA470}.Release|Any CPU.ActiveCfg = Release|Any CPU
		{8A3ABD5A-331B-409A-8A96-04FFB25DA470}.Release|Any CPU.Build.0 = Release|Any CPU
		{2A041E8C-C915-4D3A-942C-AAEE609D1C80}.Debug|Any CPU.ActiveCfg = Debug|Any CPU
		{2A041E8C-C915-4D3A-942C-AAEE609D1C80}.Debug|Any CPU.Build.0 = Debug|Any CPU
		{2A041E8C-C915-4D3A-942C-AAEE609D1C80}.Release|Any CPU.ActiveCfg = Release|Any CPU
		{2A041E8C-C915-4D3A-942C-AAEE609D1C80}.Release|Any CPU.Build.0 = Release|Any CPU
		{34CA4A4A-FF63-4D4A-A467-3FB8CDE30B96}.Debug|Any CPU.ActiveCfg = Debug|Any CPU
		{34CA4A4A-FF63-4D4A-A467-3FB8CDE30B96}.Debug|Any CPU.Build.0 = Debug|Any CPU
		{34CA4A4A-FF63-4D4A-A467-3FB8CDE30B96}.Release|Any CPU.ActiveCfg = Release|Any CPU
		{34CA4A4A-FF63-4D4A-A467-3FB8CDE30B96}.Release|Any CPU.Build.0 = Release|Any CPU
		{024B4969-AF4B-490B-9C80-C2FF6EFB2639}.Debug|Any CPU.ActiveCfg = Debug|Any CPU
		{024B4969-AF4B-490B-9C80-C2FF6EFB2639}.Debug|Any CPU.Build.0 = Debug|Any CPU
		{024B4969-AF4B-490B-9C80-C2FF6EFB2639}.Release|Any CPU.ActiveCfg = Release|Any CPU
		{024B4969-AF4B-490B-9C80-C2FF6EFB2639}.Release|Any CPU.Build.0 = Release|Any CPU
		{730250D6-FF8F-422F-A69D-B56FCDEB59B1}.Debug|Any CPU.ActiveCfg = Debug|Any CPU
		{730250D6-FF8F-422F-A69D-B56FCDEB59B1}.Debug|Any CPU.Build.0 = Debug|Any CPU
		{730250D6-FF8F-422F-A69D-B56FCDEB59B1}.Release|Any CPU.ActiveCfg = Release|Any CPU
		{730250D6-FF8F-422F-A69D-B56FCDEB59B1}.Release|Any CPU.Build.0 = Release|Any CPU
		{820AFC5E-D15B-4462-95FB-CFB4C440F21E}.Debug|Any CPU.ActiveCfg = Debug|Any CPU
		{820AFC5E-D15B-4462-95FB-CFB4C440F21E}.Debug|Any CPU.Build.0 = Debug|Any CPU
		{820AFC5E-D15B-4462-95FB-CFB4C440F21E}.Release|Any CPU.ActiveCfg = Release|Any CPU
		{820AFC5E-D15B-4462-95FB-CFB4C440F21E}.Release|Any CPU.Build.0 = Release|Any CPU
		{4CF09917-3C16-42DA-9299-165B5740F9A4}.Debug|Any CPU.ActiveCfg = Debug|Any CPU
		{4CF09917-3C16-42DA-9299-165B5740F9A4}.Debug|Any CPU.Build.0 = Debug|Any CPU
		{4CF09917-3C16-42DA-9299-165B5740F9A4}.Release|Any CPU.ActiveCfg = Release|Any CPU
		{4CF09917-3C16-42DA-9299-165B5740F9A4}.Release|Any CPU.Build.0 = Release|Any CPU
		{856850B2-5C23-4ED4-8249-5435BB15E36D}.Debug|Any CPU.ActiveCfg = Debug|Any CPU
		{856850B2-5C23-4ED4-8249-5435BB15E36D}.Debug|Any CPU.Build.0 = Debug|Any CPU
		{856850B2-5C23-4ED4-8249-5435BB15E36D}.Release|Any CPU.ActiveCfg = Release|Any CPU
		{856850B2-5C23-4ED4-8249-5435BB15E36D}.Release|Any CPU.Build.0 = Release|Any CPU
		{C4AEC111-50F3-49CB-AF3F-893196C8ECBE}.Debug|Any CPU.ActiveCfg = Debug|Any CPU
		{C4AEC111-50F3-49CB-AF3F-893196C8ECBE}.Debug|Any CPU.Build.0 = Debug|Any CPU
		{C4AEC111-50F3-49CB-AF3F-893196C8ECBE}.Release|Any CPU.ActiveCfg = Release|Any CPU
		{C4AEC111-50F3-49CB-AF3F-893196C8ECBE}.Release|Any CPU.Build.0 = Release|Any CPU
		{F1DE98A2-D1C6-424E-A9FE-58C65A060B7A}.Debug|Any CPU.ActiveCfg = Debug|Any CPU
		{F1DE98A2-D1C6-424E-A9FE-58C65A060B7A}.Debug|Any CPU.Build.0 = Debug|Any CPU
		{F1DE98A2-D1C6-424E-A9FE-58C65A060B7A}.Release|Any CPU.ActiveCfg = Release|Any CPU
		{F1DE98A2-D1C6-424E-A9FE-58C65A060B7A}.Release|Any CPU.Build.0 = Release|Any CPU
		{A82220BE-3AB6-4D97-BE37-D0ADB141537E}.Debug|Any CPU.ActiveCfg = Debug|Any CPU
		{A82220BE-3AB6-4D97-BE37-D0ADB141537E}.Debug|Any CPU.Build.0 = Debug|Any CPU
		{A82220BE-3AB6-4D97-BE37-D0ADB141537E}.Release|Any CPU.ActiveCfg = Release|Any CPU
		{A82220BE-3AB6-4D97-BE37-D0ADB141537E}.Release|Any CPU.Build.0 = Release|Any CPU
		{8DCE60EA-5AB4-4635-8A89-C27DCBD3942F}.Debug|Any CPU.ActiveCfg = Debug|Any CPU
		{8DCE60EA-5AB4-4635-8A89-C27DCBD3942F}.Debug|Any CPU.Build.0 = Debug|Any CPU
		{8DCE60EA-5AB4-4635-8A89-C27DCBD3942F}.Release|Any CPU.ActiveCfg = Release|Any CPU
		{8DCE60EA-5AB4-4635-8A89-C27DCBD3942F}.Release|Any CPU.Build.0 = Release|Any CPU
		{39750949-5C10-4E1B-8693-AA37A373D4CC}.Debug|Any CPU.ActiveCfg = Debug|Any CPU
		{39750949-5C10-4E1B-8693-AA37A373D4CC}.Debug|Any CPU.Build.0 = Debug|Any CPU
		{39750949-5C10-4E1B-8693-AA37A373D4CC}.Release|Any CPU.ActiveCfg = Release|Any CPU
		{39750949-5C10-4E1B-8693-AA37A373D4CC}.Release|Any CPU.Build.0 = Release|Any CPU
		{CDA136C6-04F4-4A52-8AF8-A75696BC14EA}.Debug|Any CPU.ActiveCfg = Debug|Any CPU
		{CDA136C6-04F4-4A52-8AF8-A75696BC14EA}.Debug|Any CPU.Build.0 = Debug|Any CPU
		{CDA136C6-04F4-4A52-8AF8-A75696BC14EA}.Release|Any CPU.ActiveCfg = Release|Any CPU
		{CDA136C6-04F4-4A52-8AF8-A75696BC14EA}.Release|Any CPU.Build.0 = Release|Any CPU
		{8359D062-32CE-4D40-B689-5433CC0871BC}.Debug|Any CPU.ActiveCfg = Debug|Any CPU
		{8359D062-32CE-4D40-B689-5433CC0871BC}.Debug|Any CPU.Build.0 = Debug|Any CPU
		{8359D062-32CE-4D40-B689-5433CC0871BC}.Release|Any CPU.ActiveCfg = Release|Any CPU
		{8359D062-32CE-4D40-B689-5433CC0871BC}.Release|Any CPU.Build.0 = Release|Any CPU
		{B7482A29-125E-472B-914F-3E7E8A43E535}.Debug|Any CPU.ActiveCfg = Debug|Any CPU
		{B7482A29-125E-472B-914F-3E7E8A43E535}.Debug|Any CPU.Build.0 = Debug|Any CPU
		{B7482A29-125E-472B-914F-3E7E8A43E535}.Release|Any CPU.ActiveCfg = Release|Any CPU
		{B7482A29-125E-472B-914F-3E7E8A43E535}.Release|Any CPU.Build.0 = Release|Any CPU
		{AE4496D8-D7BF-44D5-BDF9-AF99167D4B16}.Debug|Any CPU.ActiveCfg = Debug|Any CPU
		{AE4496D8-D7BF-44D5-BDF9-AF99167D4B16}.Debug|Any CPU.Build.0 = Debug|Any CPU
		{AE4496D8-D7BF-44D5-BDF9-AF99167D4B16}.Release|Any CPU.ActiveCfg = Release|Any CPU
		{AE4496D8-D7BF-44D5-BDF9-AF99167D4B16}.Release|Any CPU.Build.0 = Release|Any CPU
		{2E4CF034-2AF0-430B-8DE0-955E927A3155}.Debug|Any CPU.ActiveCfg = Debug|Any CPU
		{2E4CF034-2AF0-430B-8DE0-955E927A3155}.Debug|Any CPU.Build.0 = Debug|Any CPU
		{2E4CF034-2AF0-430B-8DE0-955E927A3155}.Release|Any CPU.ActiveCfg = Release|Any CPU
		{2E4CF034-2AF0-430B-8DE0-955E927A3155}.Release|Any CPU.Build.0 = Release|Any CPU
		{AA9A495F-B724-4790-B8C4-8428BFFF9250}.Debug|Any CPU.ActiveCfg = Debug|Any CPU
		{AA9A495F-B724-4790-B8C4-8428BFFF9250}.Debug|Any CPU.Build.0 = Debug|Any CPU
		{AA9A495F-B724-4790-B8C4-8428BFFF9250}.Release|Any CPU.ActiveCfg = Release|Any CPU
		{AA9A495F-B724-4790-B8C4-8428BFFF9250}.Release|Any CPU.Build.0 = Release|Any CPU
		{6BAF2B7D-F1A3-4B2E-97E9-8FCCC9DB4007}.Debug|Any CPU.ActiveCfg = Debug|Any CPU
		{6BAF2B7D-F1A3-4B2E-97E9-8FCCC9DB4007}.Debug|Any CPU.Build.0 = Debug|Any CPU
		{6BAF2B7D-F1A3-4B2E-97E9-8FCCC9DB4007}.Release|Any CPU.ActiveCfg = Release|Any CPU
		{6BAF2B7D-F1A3-4B2E-97E9-8FCCC9DB4007}.Release|Any CPU.Build.0 = Release|Any CPU
		{5B4F4E8E-874E-4017-BD56-9646D8737315}.Debug|Any CPU.ActiveCfg = Debug|Any CPU
		{5B4F4E8E-874E-4017-BD56-9646D8737315}.Debug|Any CPU.Build.0 = Debug|Any CPU
		{5B4F4E8E-874E-4017-BD56-9646D8737315}.Release|Any CPU.ActiveCfg = Release|Any CPU
		{5B4F4E8E-874E-4017-BD56-9646D8737315}.Release|Any CPU.Build.0 = Release|Any CPU
		{72FB4A43-DE77-48E3-9016-D5292EE30A70}.Debug|Any CPU.ActiveCfg = Debug|Any CPU
		{72FB4A43-DE77-48E3-9016-D5292EE30A70}.Debug|Any CPU.Build.0 = Debug|Any CPU
		{72FB4A43-DE77-48E3-9016-D5292EE30A70}.Release|Any CPU.ActiveCfg = Release|Any CPU
		{72FB4A43-DE77-48E3-9016-D5292EE30A70}.Release|Any CPU.Build.0 = Release|Any CPU
		{AB9B49BB-3A55-476E-98A2-F1578E4EDAF4}.Debug|Any CPU.ActiveCfg = Debug|Any CPU
		{AB9B49BB-3A55-476E-98A2-F1578E4EDAF4}.Debug|Any CPU.Build.0 = Debug|Any CPU
		{AB9B49BB-3A55-476E-98A2-F1578E4EDAF4}.Release|Any CPU.ActiveCfg = Release|Any CPU
		{AB9B49BB-3A55-476E-98A2-F1578E4EDAF4}.Release|Any CPU.Build.0 = Release|Any CPU
		{9DBD39D9-503D-44FB-8FB3-9D2BA6764E68}.Debug|Any CPU.ActiveCfg = Debug|Any CPU
		{9DBD39D9-503D-44FB-8FB3-9D2BA6764E68}.Debug|Any CPU.Build.0 = Debug|Any CPU
		{9DBD39D9-503D-44FB-8FB3-9D2BA6764E68}.Release|Any CPU.ActiveCfg = Release|Any CPU
		{9DBD39D9-503D-44FB-8FB3-9D2BA6764E68}.Release|Any CPU.Build.0 = Release|Any CPU
		{DD329149-6A24-4893-976E-C4943BA1613D}.Debug|Any CPU.ActiveCfg = Debug|Any CPU
		{DD329149-6A24-4893-976E-C4943BA1613D}.Debug|Any CPU.Build.0 = Debug|Any CPU
		{DD329149-6A24-4893-976E-C4943BA1613D}.Release|Any CPU.ActiveCfg = Release|Any CPU
		{DD329149-6A24-4893-976E-C4943BA1613D}.Release|Any CPU.Build.0 = Release|Any CPU
		{388D8C42-F113-4944-8B51-F413E783CD42}.Debug|Any CPU.ActiveCfg = Debug|Any CPU
		{388D8C42-F113-4944-8B51-F413E783CD42}.Debug|Any CPU.Build.0 = Debug|Any CPU
		{388D8C42-F113-4944-8B51-F413E783CD42}.Release|Any CPU.ActiveCfg = Release|Any CPU
		{388D8C42-F113-4944-8B51-F413E783CD42}.Release|Any CPU.Build.0 = Release|Any CPU
		{CF652775-AD16-4ACB-B873-8C7FCBB4DF69}.Debug|Any CPU.ActiveCfg = Debug|Any CPU
		{CF652775-AD16-4ACB-B873-8C7FCBB4DF69}.Debug|Any CPU.Build.0 = Debug|Any CPU
		{CF652775-AD16-4ACB-B873-8C7FCBB4DF69}.Release|Any CPU.ActiveCfg = Release|Any CPU
		{CF652775-AD16-4ACB-B873-8C7FCBB4DF69}.Release|Any CPU.Build.0 = Release|Any CPU
		{33ED546B-C09A-4009-8793-B42708CD8180}.Debug|Any CPU.ActiveCfg = Debug|Any CPU
		{33ED546B-C09A-4009-8793-B42708CD8180}.Debug|Any CPU.Build.0 = Debug|Any CPU
		{33ED546B-C09A-4009-8793-B42708CD8180}.Release|Any CPU.ActiveCfg = Release|Any CPU
		{33ED546B-C09A-4009-8793-B42708CD8180}.Release|Any CPU.Build.0 = Release|Any CPU
		{951EB06E-0A8D-44A7-944A-CFB75F104585}.Debug|Any CPU.ActiveCfg = Debug|Any CPU
		{951EB06E-0A8D-44A7-944A-CFB75F104585}.Debug|Any CPU.Build.0 = Debug|Any CPU
		{951EB06E-0A8D-44A7-944A-CFB75F104585}.Release|Any CPU.ActiveCfg = Release|Any CPU
		{951EB06E-0A8D-44A7-944A-CFB75F104585}.Release|Any CPU.Build.0 = Release|Any CPU
		{C46DA06A-4B29-4303-8DF0-F54F877FCC83}.Debug|Any CPU.ActiveCfg = Debug|Any CPU
		{C46DA06A-4B29-4303-8DF0-F54F877FCC83}.Debug|Any CPU.Build.0 = Debug|Any CPU
		{C46DA06A-4B29-4303-8DF0-F54F877FCC83}.Release|Any CPU.ActiveCfg = Release|Any CPU
		{C46DA06A-4B29-4303-8DF0-F54F877FCC83}.Release|Any CPU.Build.0 = Release|Any CPU
		{45443DF7-7F22-48F6-B9C9-2846A6400FBE}.Debug|Any CPU.ActiveCfg = Debug|Any CPU
		{45443DF7-7F22-48F6-B9C9-2846A6400FBE}.Debug|Any CPU.Build.0 = Debug|Any CPU
		{45443DF7-7F22-48F6-B9C9-2846A6400FBE}.Release|Any CPU.ActiveCfg = Release|Any CPU
		{45443DF7-7F22-48F6-B9C9-2846A6400FBE}.Release|Any CPU.Build.0 = Release|Any CPU
		{782C7F51-2C88-441D-9312-86EC146E0A70}.Debug|Any CPU.ActiveCfg = Debug|Any CPU
		{782C7F51-2C88-441D-9312-86EC146E0A70}.Debug|Any CPU.Build.0 = Debug|Any CPU
		{782C7F51-2C88-441D-9312-86EC146E0A70}.Release|Any CPU.ActiveCfg = Release|Any CPU
		{782C7F51-2C88-441D-9312-86EC146E0A70}.Release|Any CPU.Build.0 = Release|Any CPU
		{2F1E04EC-61C1-4F41-BEAF-41337B3D4A0E}.Debug|Any CPU.ActiveCfg = Debug|Any CPU
		{2F1E04EC-61C1-4F41-BEAF-41337B3D4A0E}.Debug|Any CPU.Build.0 = Debug|Any CPU
		{2F1E04EC-61C1-4F41-BEAF-41337B3D4A0E}.Release|Any CPU.ActiveCfg = Release|Any CPU
		{2F1E04EC-61C1-4F41-BEAF-41337B3D4A0E}.Release|Any CPU.Build.0 = Release|Any CPU
		{4482E5BC-30BE-44B7-B270-77E41E5F9FAA}.Debug|Any CPU.ActiveCfg = Debug|Any CPU
		{4482E5BC-30BE-44B7-B270-77E41E5F9FAA}.Debug|Any CPU.Build.0 = Debug|Any CPU
		{4482E5BC-30BE-44B7-B270-77E41E5F9FAA}.Release|Any CPU.ActiveCfg = Release|Any CPU
		{4482E5BC-30BE-44B7-B270-77E41E5F9FAA}.Release|Any CPU.Build.0 = Release|Any CPU
		{1F082340-8BA6-4883-8504-27BDB97E4A7E}.Debug|Any CPU.ActiveCfg = Debug|Any CPU
		{1F082340-8BA6-4883-8504-27BDB97E4A7E}.Debug|Any CPU.Build.0 = Debug|Any CPU
		{1F082340-8BA6-4883-8504-27BDB97E4A7E}.Release|Any CPU.ActiveCfg = Release|Any CPU
		{1F082340-8BA6-4883-8504-27BDB97E4A7E}.Release|Any CPU.Build.0 = Release|Any CPU
		{F6A0FE7A-BE50-4DD0-B3C0-6101E6F178EB}.Debug|Any CPU.ActiveCfg = Debug|Any CPU
		{F6A0FE7A-BE50-4DD0-B3C0-6101E6F178EB}.Debug|Any CPU.Build.0 = Debug|Any CPU
		{F6A0FE7A-BE50-4DD0-B3C0-6101E6F178EB}.Release|Any CPU.ActiveCfg = Release|Any CPU
		{F6A0FE7A-BE50-4DD0-B3C0-6101E6F178EB}.Release|Any CPU.Build.0 = Release|Any CPU
		{D70DC7FC-42AA-47F8-A62C-D9B5AF4163C9}.Debug|Any CPU.ActiveCfg = Debug|Any CPU
		{D70DC7FC-42AA-47F8-A62C-D9B5AF4163C9}.Debug|Any CPU.Build.0 = Debug|Any CPU
		{D70DC7FC-42AA-47F8-A62C-D9B5AF4163C9}.Release|Any CPU.ActiveCfg = Release|Any CPU
		{D70DC7FC-42AA-47F8-A62C-D9B5AF4163C9}.Release|Any CPU.Build.0 = Release|Any CPU
		{416C7FAF-224F-451D-8FF0-18E42B666549}.Debug|Any CPU.ActiveCfg = Debug|Any CPU
		{416C7FAF-224F-451D-8FF0-18E42B666549}.Debug|Any CPU.Build.0 = Debug|Any CPU
		{416C7FAF-224F-451D-8FF0-18E42B666549}.Release|Any CPU.ActiveCfg = Release|Any CPU
		{416C7FAF-224F-451D-8FF0-18E42B666549}.Release|Any CPU.Build.0 = Release|Any CPU
		{49B6BE47-9681-49A8-8B38-A394F945CF45}.Debug|Any CPU.ActiveCfg = Debug|Any CPU
		{49B6BE47-9681-49A8-8B38-A394F945CF45}.Debug|Any CPU.Build.0 = Debug|Any CPU
		{49B6BE47-9681-49A8-8B38-A394F945CF45}.Release|Any CPU.ActiveCfg = Release|Any CPU
		{49B6BE47-9681-49A8-8B38-A394F945CF45}.Release|Any CPU.Build.0 = Release|Any CPU
		{965BD0C2-9917-46AD-8323-537213C0CD9F}.Debug|Any CPU.ActiveCfg = Debug|Any CPU
		{965BD0C2-9917-46AD-8323-537213C0CD9F}.Debug|Any CPU.Build.0 = Debug|Any CPU
		{965BD0C2-9917-46AD-8323-537213C0CD9F}.Release|Any CPU.ActiveCfg = Release|Any CPU
		{965BD0C2-9917-46AD-8323-537213C0CD9F}.Release|Any CPU.Build.0 = Release|Any CPU
		{C103053B-F815-4F54-A516-6D773A97DF14}.Debug|Any CPU.ActiveCfg = Debug|Any CPU
		{C103053B-F815-4F54-A516-6D773A97DF14}.Debug|Any CPU.Build.0 = Debug|Any CPU
		{C103053B-F815-4F54-A516-6D773A97DF14}.Release|Any CPU.ActiveCfg = Release|Any CPU
		{C103053B-F815-4F54-A516-6D773A97DF14}.Release|Any CPU.Build.0 = Release|Any CPU
		{4975490F-9195-41D9-BE4B-0E95F5B71F0C}.Debug|Any CPU.ActiveCfg = Debug|Any CPU
		{4975490F-9195-41D9-BE4B-0E95F5B71F0C}.Debug|Any CPU.Build.0 = Debug|Any CPU
		{4975490F-9195-41D9-BE4B-0E95F5B71F0C}.Release|Any CPU.ActiveCfg = Release|Any CPU
		{4975490F-9195-41D9-BE4B-0E95F5B71F0C}.Release|Any CPU.Build.0 = Release|Any CPU
		{ABBBFAC2-B041-4D0F-BB6B-B4A4AD3B28CA}.Debug|Any CPU.ActiveCfg = Debug|Any CPU
		{ABBBFAC2-B041-4D0F-BB6B-B4A4AD3B28CA}.Debug|Any CPU.Build.0 = Debug|Any CPU
		{ABBBFAC2-B041-4D0F-BB6B-B4A4AD3B28CA}.Release|Any CPU.ActiveCfg = Release|Any CPU
		{ABBBFAC2-B041-4D0F-BB6B-B4A4AD3B28CA}.Release|Any CPU.Build.0 = Release|Any CPU
		{F0951AF1-17C2-493B-87F4-31BB382A943D}.Debug|Any CPU.ActiveCfg = Debug|Any CPU
		{F0951AF1-17C2-493B-87F4-31BB382A943D}.Debug|Any CPU.Build.0 = Debug|Any CPU
		{F0951AF1-17C2-493B-87F4-31BB382A943D}.Release|Any CPU.ActiveCfg = Release|Any CPU
		{F0951AF1-17C2-493B-87F4-31BB382A943D}.Release|Any CPU.Build.0 = Release|Any CPU
		{D203DC6A-767A-4164-941D-73CECBED6838}.Debug|Any CPU.ActiveCfg = Debug|Any CPU
		{D203DC6A-767A-4164-941D-73CECBED6838}.Debug|Any CPU.Build.0 = Debug|Any CPU
		{D203DC6A-767A-4164-941D-73CECBED6838}.Release|Any CPU.ActiveCfg = Release|Any CPU
		{D203DC6A-767A-4164-941D-73CECBED6838}.Release|Any CPU.Build.0 = Release|Any CPU
		{AE06D3DE-4024-4790-B2CF-BA2824F5C0F8}.Debug|Any CPU.ActiveCfg = Debug|Any CPU
		{AE06D3DE-4024-4790-B2CF-BA2824F5C0F8}.Debug|Any CPU.Build.0 = Debug|Any CPU
		{AE06D3DE-4024-4790-B2CF-BA2824F5C0F8}.Release|Any CPU.ActiveCfg = Release|Any CPU
		{AE06D3DE-4024-4790-B2CF-BA2824F5C0F8}.Release|Any CPU.Build.0 = Release|Any CPU
		{F51BE67B-256E-4194-96F7-4C446749DA39}.Debug|Any CPU.ActiveCfg = Debug|Any CPU
		{F51BE67B-256E-4194-96F7-4C446749DA39}.Debug|Any CPU.Build.0 = Debug|Any CPU
		{F51BE67B-256E-4194-96F7-4C446749DA39}.Release|Any CPU.ActiveCfg = Release|Any CPU
		{F51BE67B-256E-4194-96F7-4C446749DA39}.Release|Any CPU.Build.0 = Release|Any CPU
		{78B227D1-4E72-46A5-A075-4D955F9437D7}.Debug|Any CPU.ActiveCfg = Debug|Any CPU
		{78B227D1-4E72-46A5-A075-4D955F9437D7}.Debug|Any CPU.Build.0 = Debug|Any CPU
		{78B227D1-4E72-46A5-A075-4D955F9437D7}.Release|Any CPU.ActiveCfg = Release|Any CPU
		{78B227D1-4E72-46A5-A075-4D955F9437D7}.Release|Any CPU.Build.0 = Release|Any CPU
		{839E49E2-5F8C-44B1-9E78-823D5FB5D192}.Debug|Any CPU.ActiveCfg = Debug|Any CPU
		{839E49E2-5F8C-44B1-9E78-823D5FB5D192}.Debug|Any CPU.Build.0 = Debug|Any CPU
		{839E49E2-5F8C-44B1-9E78-823D5FB5D192}.Release|Any CPU.ActiveCfg = Release|Any CPU
		{839E49E2-5F8C-44B1-9E78-823D5FB5D192}.Release|Any CPU.Build.0 = Release|Any CPU
		{F9218FCD-2B16-4F14-B26C-8BC188B29AF2}.Debug|Any CPU.ActiveCfg = Debug|Any CPU
		{F9218FCD-2B16-4F14-B26C-8BC188B29AF2}.Debug|Any CPU.Build.0 = Debug|Any CPU
		{F9218FCD-2B16-4F14-B26C-8BC188B29AF2}.Release|Any CPU.ActiveCfg = Release|Any CPU
		{F9218FCD-2B16-4F14-B26C-8BC188B29AF2}.Release|Any CPU.Build.0 = Release|Any CPU
		{AAF7AC32-A40F-42C0-9386-4883D5BE4B9C}.Debug|Any CPU.ActiveCfg = Debug|Any CPU
		{AAF7AC32-A40F-42C0-9386-4883D5BE4B9C}.Debug|Any CPU.Build.0 = Debug|Any CPU
		{AAF7AC32-A40F-42C0-9386-4883D5BE4B9C}.Release|Any CPU.ActiveCfg = Release|Any CPU
		{AAF7AC32-A40F-42C0-9386-4883D5BE4B9C}.Release|Any CPU.Build.0 = Release|Any CPU
		{0E6F08B8-0C19-40BC-A51E-4550196AA1AD}.Debug|Any CPU.ActiveCfg = Debug|Any CPU
		{0E6F08B8-0C19-40BC-A51E-4550196AA1AD}.Debug|Any CPU.Build.0 = Debug|Any CPU
		{0E6F08B8-0C19-40BC-A51E-4550196AA1AD}.Release|Any CPU.ActiveCfg = Release|Any CPU
		{0E6F08B8-0C19-40BC-A51E-4550196AA1AD}.Release|Any CPU.Build.0 = Release|Any CPU
		{657AC2CB-EDCF-4D20-836B-33098EAD9B8F}.Debug|Any CPU.ActiveCfg = Debug|Any CPU
		{657AC2CB-EDCF-4D20-836B-33098EAD9B8F}.Debug|Any CPU.Build.0 = Debug|Any CPU
		{657AC2CB-EDCF-4D20-836B-33098EAD9B8F}.Release|Any CPU.ActiveCfg = Release|Any CPU
		{657AC2CB-EDCF-4D20-836B-33098EAD9B8F}.Release|Any CPU.Build.0 = Release|Any CPU
		{892B6FA4-24C3-4C0D-B31E-0AD4B0C848DD}.Debug|Any CPU.ActiveCfg = Debug|Any CPU
		{892B6FA4-24C3-4C0D-B31E-0AD4B0C848DD}.Debug|Any CPU.Build.0 = Debug|Any CPU
		{892B6FA4-24C3-4C0D-B31E-0AD4B0C848DD}.Release|Any CPU.ActiveCfg = Release|Any CPU
		{892B6FA4-24C3-4C0D-B31E-0AD4B0C848DD}.Release|Any CPU.Build.0 = Release|Any CPU
		{8E04A5C6-0DA6-4478-8308-5126BB137038}.Debug|Any CPU.ActiveCfg = Debug|Any CPU
		{8E04A5C6-0DA6-4478-8308-5126BB137038}.Debug|Any CPU.Build.0 = Debug|Any CPU
		{8E04A5C6-0DA6-4478-8308-5126BB137038}.Release|Any CPU.ActiveCfg = Release|Any CPU
		{8E04A5C6-0DA6-4478-8308-5126BB137038}.Release|Any CPU.Build.0 = Release|Any CPU
		{917F044A-3640-4988-BAB2-940EECB11707}.Debug|Any CPU.ActiveCfg = Debug|Any CPU
		{917F044A-3640-4988-BAB2-940EECB11707}.Debug|Any CPU.Build.0 = Debug|Any CPU
		{917F044A-3640-4988-BAB2-940EECB11707}.Release|Any CPU.ActiveCfg = Release|Any CPU
		{917F044A-3640-4988-BAB2-940EECB11707}.Release|Any CPU.Build.0 = Release|Any CPU
		{8BBA9AA1-FB7E-4B82-B462-0F584054AC1C}.Debug|Any CPU.ActiveCfg = Debug|Any CPU
		{8BBA9AA1-FB7E-4B82-B462-0F584054AC1C}.Debug|Any CPU.Build.0 = Debug|Any CPU
		{8BBA9AA1-FB7E-4B82-B462-0F584054AC1C}.Release|Any CPU.ActiveCfg = Release|Any CPU
		{8BBA9AA1-FB7E-4B82-B462-0F584054AC1C}.Release|Any CPU.Build.0 = Release|Any CPU
		{04FB15E1-6C8D-4E90-AED5-C9EAC5F41D14}.Debug|Any CPU.ActiveCfg = Debug|Any CPU
		{04FB15E1-6C8D-4E90-AED5-C9EAC5F41D14}.Debug|Any CPU.Build.0 = Debug|Any CPU
		{04FB15E1-6C8D-4E90-AED5-C9EAC5F41D14}.Release|Any CPU.ActiveCfg = Release|Any CPU
		{04FB15E1-6C8D-4E90-AED5-C9EAC5F41D14}.Release|Any CPU.Build.0 = Release|Any CPU
		{7A0B385F-D922-41D8-9985-E2C5BFE49226}.Debug|Any CPU.ActiveCfg = Debug|Any CPU
		{7A0B385F-D922-41D8-9985-E2C5BFE49226}.Debug|Any CPU.Build.0 = Debug|Any CPU
		{7A0B385F-D922-41D8-9985-E2C5BFE49226}.Release|Any CPU.ActiveCfg = Release|Any CPU
		{7A0B385F-D922-41D8-9985-E2C5BFE49226}.Release|Any CPU.Build.0 = Release|Any CPU
		{EA3A23F8-72D5-4E63-B370-EB077CBE78BC}.Debug|Any CPU.ActiveCfg = Debug|Any CPU
		{EA3A23F8-72D5-4E63-B370-EB077CBE78BC}.Debug|Any CPU.Build.0 = Debug|Any CPU
		{EA3A23F8-72D5-4E63-B370-EB077CBE78BC}.Release|Any CPU.ActiveCfg = Release|Any CPU
		{EA3A23F8-72D5-4E63-B370-EB077CBE78BC}.Release|Any CPU.Build.0 = Release|Any CPU
		{E9920029-7A0F-4D40-AC70-5AC69B64E16E}.Debug|Any CPU.ActiveCfg = Debug|Any CPU
		{E9920029-7A0F-4D40-AC70-5AC69B64E16E}.Debug|Any CPU.Build.0 = Debug|Any CPU
		{E9920029-7A0F-4D40-AC70-5AC69B64E16E}.Release|Any CPU.ActiveCfg = Release|Any CPU
		{E9920029-7A0F-4D40-AC70-5AC69B64E16E}.Release|Any CPU.Build.0 = Release|Any CPU
	EndGlobalSection
	GlobalSection(SolutionProperties) = preSolution
		HideSolutionNode = FALSE
	EndGlobalSection
	GlobalSection(NestedProjects) = preSolution
		{061B7A63-B95C-4A1A-A110-19871EEC2ACA} = {40BD8406-386A-47F0-8A75-DD119E147D3C}
		{7BA55B6C-EBA0-4EF5-ABBD-9D02FC92E2CB} = {8CCEB1B2-0DD5-477D-AB99-F80E67323581}
		{D13CBA15-5946-4DF6-A5B4-E9DCBE2144C3} = {8CCEB1B2-0DD5-477D-AB99-F80E67323581}
		{C7C56D3E-B297-41E0-A316-417B6A6A3E24} = {8CCEB1B2-0DD5-477D-AB99-F80E67323581}
		{69FFB7E6-14FD-4DEA-A6D3-453B3219BD5B} = {1CC0EBB9-A91B-41D3-ACB5-EA725F58FDB5}
		{C804F096-8195-4CA6-AABC-7DE670DBB815} = {1CC0EBB9-A91B-41D3-ACB5-EA725F58FDB5}
		{5FDC9424-5647-4BAD-9517-7E201B77A644} = {55336A64-9E25-4BD4-A79A-95879825BA4D}
		{966F1C68-A798-42BC-AE81-C2779436320F} = {55336A64-9E25-4BD4-A79A-95879825BA4D}
		{CDA5657E-72EF-4EF8-8ECB-DCBA19ECE473} = {55336A64-9E25-4BD4-A79A-95879825BA4D}
		{811F5530-45B5-4609-9476-93722D91EFB4} = {55336A64-9E25-4BD4-A79A-95879825BA4D}
		{52CB4DF5-D1B7-4F9B-B1AC-F7F2CFA34E1E} = {55336A64-9E25-4BD4-A79A-95879825BA4D}
		{40AAB63F-F740-4AD9-8782-876A1A86D091} = {55336A64-9E25-4BD4-A79A-95879825BA4D}
		{AB2B9DB3-4CE0-4DE8-83E8-64AC1A2A704B} = {55336A64-9E25-4BD4-A79A-95879825BA4D}
		{EEDC5CEF-F1CC-4F4F-91BB-525B66D9CB1E} = {55336A64-9E25-4BD4-A79A-95879825BA4D}
		{50C25B11-0E2A-467E-B4BD-0E882515D264} = {55336A64-9E25-4BD4-A79A-95879825BA4D}
		{A31B085D-44A3-491F-82C1-6A9CCDF73E7A} = {55336A64-9E25-4BD4-A79A-95879825BA4D}
		{0577F052-4792-439A-A5C3-2B6752FDC2CF} = {55336A64-9E25-4BD4-A79A-95879825BA4D}
		{FB38FF02-16FB-4E9A-89F2-D0DC023882CE} = {55336A64-9E25-4BD4-A79A-95879825BA4D}
		{FF62E1A0-727B-492A-9227-A0CD609E89F5} = {8CCEB1B2-0DD5-477D-AB99-F80E67323581}
		{245C7B86-68A2-4EFC-A4C8-FB4A7B5A8031} = {8CCEB1B2-0DD5-477D-AB99-F80E67323581}
		{989B3DBC-770A-4652-912E-83BE230E5DBD} = {D13CBA15-5946-4DF6-A5B4-E9DCBE2144C3}
		{ADA346A1-E039-491E-BDED-B403A950BBE7} = {D13CBA15-5946-4DF6-A5B4-E9DCBE2144C3}
		{03445C39-2E23-4B33-968D-DC9FC354504E} = {D13CBA15-5946-4DF6-A5B4-E9DCBE2144C3}
		{50A856C3-26AB-455C-AEC0-4BEB2631582A} = {D13CBA15-5946-4DF6-A5B4-E9DCBE2144C3}
		{ED847080-538D-4380-AABB-62490EBD9B4A} = {D13CBA15-5946-4DF6-A5B4-E9DCBE2144C3}
		{1B22C7C6-B0A8-437E-8EB6-0587667DA9DF} = {C7C56D3E-B297-41E0-A316-417B6A6A3E24}
		{66666C03-21B4-4AD0-9743-5786B58ABC88} = {C7C56D3E-B297-41E0-A316-417B6A6A3E24}
		{90D0F9DE-9B4F-4A15-B893-06A6C5BD1A11} = {C7C56D3E-B297-41E0-A316-417B6A6A3E24}
		{D1F330F5-3B4F-413C-A3E2-CEA957E8A3AD} = {C7C56D3E-B297-41E0-A316-417B6A6A3E24}
		{B97C6B1F-14AE-4E96-8CDB-93DD3A2CD902} = {7BA55B6C-EBA0-4EF5-ABBD-9D02FC92E2CB}
		{AC021842-1A33-42A2-BD8A-E75B6A834A71} = {7BA55B6C-EBA0-4EF5-ABBD-9D02FC92E2CB}
		{F4E2D37F-9D1A-4B7D-B0A0-E0150B4023E1} = {7BA55B6C-EBA0-4EF5-ABBD-9D02FC92E2CB}
		{C377D33E-9DA4-454F-9A1F-9F2B924C38C2} = {7BA55B6C-EBA0-4EF5-ABBD-9D02FC92E2CB}
		{4F0DD927-14C7-4245-B503-945247C8BE4D} = {7BA55B6C-EBA0-4EF5-ABBD-9D02FC92E2CB}
		{107D2120-B746-4DBF-8609-097FFF38CF30} = {7BA55B6C-EBA0-4EF5-ABBD-9D02FC92E2CB}
		{29F2621F-82A9-42F9-BFE0-9A21EDDCD8A4} = {7BA55B6C-EBA0-4EF5-ABBD-9D02FC92E2CB}
		{816E5289-14D1-4B53-B435-7E135A66DEB0} = {7BA55B6C-EBA0-4EF5-ABBD-9D02FC92E2CB}
		{5AC3276A-62DD-4FAE-BD59-3AE0B4A0EAB5} = {7BA55B6C-EBA0-4EF5-ABBD-9D02FC92E2CB}
		{8A3ABD5A-331B-409A-8A96-04FFB25DA470} = {7BA55B6C-EBA0-4EF5-ABBD-9D02FC92E2CB}
		{2A041E8C-C915-4D3A-942C-AAEE609D1C80} = {69FFB7E6-14FD-4DEA-A6D3-453B3219BD5B}
		{34CA4A4A-FF63-4D4A-A467-3FB8CDE30B96} = {69FFB7E6-14FD-4DEA-A6D3-453B3219BD5B}
		{024B4969-AF4B-490B-9C80-C2FF6EFB2639} = {69FFB7E6-14FD-4DEA-A6D3-453B3219BD5B}
		{730250D6-FF8F-422F-A69D-B56FCDEB59B1} = {69FFB7E6-14FD-4DEA-A6D3-453B3219BD5B}
		{820AFC5E-D15B-4462-95FB-CFB4C440F21E} = {69FFB7E6-14FD-4DEA-A6D3-453B3219BD5B}
		{4CF09917-3C16-42DA-9299-165B5740F9A4} = {69FFB7E6-14FD-4DEA-A6D3-453B3219BD5B}
		{856850B2-5C23-4ED4-8249-5435BB15E36D} = {C804F096-8195-4CA6-AABC-7DE670DBB815}
		{C4AEC111-50F3-49CB-AF3F-893196C8ECBE} = {C804F096-8195-4CA6-AABC-7DE670DBB815}
		{F1DE98A2-D1C6-424E-A9FE-58C65A060B7A} = {C804F096-8195-4CA6-AABC-7DE670DBB815}
		{A82220BE-3AB6-4D97-BE37-D0ADB141537E} = {C804F096-8195-4CA6-AABC-7DE670DBB815}
		{8DCE60EA-5AB4-4635-8A89-C27DCBD3942F} = {C804F096-8195-4CA6-AABC-7DE670DBB815}
		{39750949-5C10-4E1B-8693-AA37A373D4CC} = {C804F096-8195-4CA6-AABC-7DE670DBB815}
		{178407E5-546B-40F1-9B5B-A392E7402695} = {1CC0EBB9-A91B-41D3-ACB5-EA725F58FDB5}
		{CDA136C6-04F4-4A52-8AF8-A75696BC14EA} = {178407E5-546B-40F1-9B5B-A392E7402695}
		{8359D062-32CE-4D40-B689-5433CC0871BC} = {178407E5-546B-40F1-9B5B-A392E7402695}
		{B7482A29-125E-472B-914F-3E7E8A43E535} = {178407E5-546B-40F1-9B5B-A392E7402695}
		{AE4496D8-D7BF-44D5-BDF9-AF99167D4B16} = {178407E5-546B-40F1-9B5B-A392E7402695}
		{2E4CF034-2AF0-430B-8DE0-955E927A3155} = {178407E5-546B-40F1-9B5B-A392E7402695}
		{6BAF2B7D-F1A3-4B2E-97E9-8FCCC9DB4007} = {178407E5-546B-40F1-9B5B-A392E7402695}
		{456B0C2A-0017-463B-86F6-925F3F9B352F} = {1CC0EBB9-A91B-41D3-ACB5-EA725F58FDB5}
		{5B4F4E8E-874E-4017-BD56-9646D8737315} = {456B0C2A-0017-463B-86F6-925F3F9B352F}
		{72FB4A43-DE77-48E3-9016-D5292EE30A70} = {456B0C2A-0017-463B-86F6-925F3F9B352F}
		{AB9B49BB-3A55-476E-98A2-F1578E4EDAF4} = {456B0C2A-0017-463B-86F6-925F3F9B352F}
		{9DBD39D9-503D-44FB-8FB3-9D2BA6764E68} = {456B0C2A-0017-463B-86F6-925F3F9B352F}
		{DD329149-6A24-4893-976E-C4943BA1613D} = {456B0C2A-0017-463B-86F6-925F3F9B352F}
		{5F91FE89-4FA2-47F0-95FB-92376D1C4F12} = {1CC0EBB9-A91B-41D3-ACB5-EA725F58FDB5}
		{3918E3B7-D0D8-4EA9-AF9F-D68B94ABE320} = {5F91FE89-4FA2-47F0-95FB-92376D1C4F12}
		{86065E13-7DB0-494D-BEDC-E4EBDDA67ED0} = {5F91FE89-4FA2-47F0-95FB-92376D1C4F12}
		{4AE4DF52-9F2B-4643-8B53-CFFACFED9941} = {5F91FE89-4FA2-47F0-95FB-92376D1C4F12}
		{64DF6CC5-3D28-4F1D-9011-EAE8F92191F9} = {5F91FE89-4FA2-47F0-95FB-92376D1C4F12}
		{388D8C42-F113-4944-8B51-F413E783CD42} = {3918E3B7-D0D8-4EA9-AF9F-D68B94ABE320}
		{CF652775-AD16-4ACB-B873-8C7FCBB4DF69} = {86065E13-7DB0-494D-BEDC-E4EBDDA67ED0}
		{33ED546B-C09A-4009-8793-B42708CD8180} = {86065E13-7DB0-494D-BEDC-E4EBDDA67ED0}
		{951EB06E-0A8D-44A7-944A-CFB75F104585} = {86065E13-7DB0-494D-BEDC-E4EBDDA67ED0}
		{C46DA06A-4B29-4303-8DF0-F54F877FCC83} = {86065E13-7DB0-494D-BEDC-E4EBDDA67ED0}
		{45443DF7-7F22-48F6-B9C9-2846A6400FBE} = {4AE4DF52-9F2B-4643-8B53-CFFACFED9941}
		{782C7F51-2C88-441D-9312-86EC146E0A70} = {4AE4DF52-9F2B-4643-8B53-CFFACFED9941}
		{2F1E04EC-61C1-4F41-BEAF-41337B3D4A0E} = {64DF6CC5-3D28-4F1D-9011-EAE8F92191F9}
		{4482E5BC-30BE-44B7-B270-77E41E5F9FAA} = {64DF6CC5-3D28-4F1D-9011-EAE8F92191F9}
		{1F082340-8BA6-4883-8504-27BDB97E4A7E} = {64DF6CC5-3D28-4F1D-9011-EAE8F92191F9}
		{F6A0FE7A-BE50-4DD0-B3C0-6101E6F178EB} = {3918E3B7-D0D8-4EA9-AF9F-D68B94ABE320}
		{45BBC4EB-BB0B-4EED-8D7F-C51B3F707424} = {1CC0EBB9-A91B-41D3-ACB5-EA725F58FDB5}
		{883804B7-DEC6-416B-8129-FAFC7F27A09F} = {45BBC4EB-BB0B-4EED-8D7F-C51B3F707424}
		{C3E386E1-0743-428B-8076-641AD92C0315} = {45BBC4EB-BB0B-4EED-8D7F-C51B3F707424}
		{86B4DFFB-5415-4CB8-B54D-5A8EFCFEC559} = {45BBC4EB-BB0B-4EED-8D7F-C51B3F707424}
		{D70DC7FC-42AA-47F8-A62C-D9B5AF4163C9} = {C3E386E1-0743-428B-8076-641AD92C0315}
		{416C7FAF-224F-451D-8FF0-18E42B666549} = {C3E386E1-0743-428B-8076-641AD92C0315}
		{49B6BE47-9681-49A8-8B38-A394F945CF45} = {86B4DFFB-5415-4CB8-B54D-5A8EFCFEC559}
		{965BD0C2-9917-46AD-8323-537213C0CD9F} = {86B4DFFB-5415-4CB8-B54D-5A8EFCFEC559}
		{C103053B-F815-4F54-A516-6D773A97DF14} = {86B4DFFB-5415-4CB8-B54D-5A8EFCFEC559}
		{4975490F-9195-41D9-BE4B-0E95F5B71F0C} = {86B4DFFB-5415-4CB8-B54D-5A8EFCFEC559}
		{ABBBFAC2-B041-4D0F-BB6B-B4A4AD3B28CA} = {883804B7-DEC6-416B-8129-FAFC7F27A09F}
		{F0951AF1-17C2-493B-87F4-31BB382A943D} = {883804B7-DEC6-416B-8129-FAFC7F27A09F}
		{43F1E73B-B0A3-4732-A0D3-25AF45B7B312} = {1CC0EBB9-A91B-41D3-ACB5-EA725F58FDB5}
		{D203DC6A-767A-4164-941D-73CECBED6838} = {43F1E73B-B0A3-4732-A0D3-25AF45B7B312}
		{AE06D3DE-4024-4790-B2CF-BA2824F5C0F8} = {43F1E73B-B0A3-4732-A0D3-25AF45B7B312}
		{F51BE67B-256E-4194-96F7-4C446749DA39} = {43F1E73B-B0A3-4732-A0D3-25AF45B7B312}
		{78B227D1-4E72-46A5-A075-4D955F9437D7} = {43F1E73B-B0A3-4732-A0D3-25AF45B7B312}
		{FFAE8EED-9A42-4B80-B22A-63D482A1492E} = {1CC0EBB9-A91B-41D3-ACB5-EA725F58FDB5}
		{839E49E2-5F8C-44B1-9E78-823D5FB5D192} = {FFAE8EED-9A42-4B80-B22A-63D482A1492E}
		{F9218FCD-2B16-4F14-B26C-8BC188B29AF2} = {FFAE8EED-9A42-4B80-B22A-63D482A1492E}
		{AAF7AC32-A40F-42C0-9386-4883D5BE4B9C} = {FFAE8EED-9A42-4B80-B22A-63D482A1492E}
		{0E6F08B8-0C19-40BC-A51E-4550196AA1AD} = {FFAE8EED-9A42-4B80-B22A-63D482A1492E}
		{657AC2CB-EDCF-4D20-836B-33098EAD9B8F} = {FFAE8EED-9A42-4B80-B22A-63D482A1492E}
		{892B6FA4-24C3-4C0D-B31E-0AD4B0C848DD} = {FFAE8EED-9A42-4B80-B22A-63D482A1492E}
		{CFB4F60C-1D13-458F-8EDE-6E1D8C30DDA2} = {1CC0EBB9-A91B-41D3-ACB5-EA725F58FDB5}
		{8E04A5C6-0DA6-4478-8308-5126BB137038} = {CFB4F60C-1D13-458F-8EDE-6E1D8C30DDA2}
		{917F044A-3640-4988-BAB2-940EECB11707} = {CFB4F60C-1D13-458F-8EDE-6E1D8C30DDA2}
		{8BBA9AA1-FB7E-4B82-B462-0F584054AC1C} = {CFB4F60C-1D13-458F-8EDE-6E1D8C30DDA2}
		{04FB15E1-6C8D-4E90-AED5-C9EAC5F41D14} = {CFB4F60C-1D13-458F-8EDE-6E1D8C30DDA2}
		{7A0B385F-D922-41D8-9985-E2C5BFE49226} = {CFB4F60C-1D13-458F-8EDE-6E1D8C30DDA2}
		{29533032-FD38-4D16-A2D2-D223E574CA74} = {1CC0EBB9-A91B-41D3-ACB5-EA725F58FDB5}
		{EA3A23F8-72D5-4E63-B370-EB077CBE78BC} = {29533032-FD38-4D16-A2D2-D223E574CA74}
		{E9920029-7A0F-4D40-AC70-5AC69B64E16E} = {29533032-FD38-4D16-A2D2-D223E574CA74}
	EndGlobalSection
EndGlobal
